{
  "version": "5",
  "specifiers": {
    "jsr:@b-fuze/deno-dom@0.1.49": "0.1.49",
    "jsr:@luca/esbuild-deno-loader@0.11.1": "0.11.1",
    "jsr:@std/bytes@^1.0.2": "1.0.6",
    "jsr:@std/bytes@^1.0.6": "1.0.6",
    "jsr:@std/cli@1.0.20": "1.0.20",
    "jsr:@std/crypto@1.0.5": "1.0.5",
    "jsr:@std/dotenv@0.225.5": "0.225.5",
    "jsr:@std/encoding@^1.0.5": "1.0.10",
    "jsr:@std/fmt@1.0.8": "1.0.8",
    "jsr:@std/fs@1.0.19": "1.0.19",
    "jsr:@std/http@1.0.19": "1.0.19",
    "jsr:@std/internal@^1.0.9": "1.0.9",
    "jsr:@std/path@1.0.9": "1.0.9",
    "jsr:@std/path@1.1.0": "1.1.0",
    "jsr:@std/path@1.1.1": "1.1.1",
    "jsr:@std/path@^1.0.6": "1.1.0",
    "jsr:@std/path@^1.1.1": "1.1.1",
    "jsr:@std/random@0.1.2": "0.1.2",
    "jsr:@std/streams@1.0.10": "1.0.10",
    "npm:@octokit/core@7": "7.0.2",
    "npm:@octokit/core@7.0.2": "7.0.2",
    "npm:@octokit/core@^7.0.2": "7.0.2",
    "npm:@types/node@*": "22.10.1",
    "npm:@types/react-dom@^19.1.6": "19.1.6_@types+react@19.1.8",
    "npm:@types/react@^19.1.8": "19.1.8",
    "npm:esbuild@0.25.5": "0.25.5",
    "npm:iteretijs@0.2.3": "0.2.3",
    "npm:octokit@*": "5.0.3_@octokit+core@7.0.2",
    "npm:openapi-typescript-fetch@2.2.1": "2.2.1",
    "npm:openapi-typescript@7.8.0": "7.8.0_typescript@5.8.3",
    "npm:react-dom@19.1.0": "19.1.0_react@19.1.0",
    "npm:react@19.1.0": "19.1.0",
    "npm:typescript@5.8.3": "5.8.3",
    "npm:zod@3.25.74": "3.25.74"
  },
  "jsr": {
    "@b-fuze/deno-dom@0.1.49": {
      "integrity": "45c40175fdd1e74ab2d4b54c4fdaabbad6e5b76ee28df12a48e076b3fa7901a9"
    },
    "@luca/esbuild-deno-loader@0.11.1": {
      "integrity": "dc020d16d75b591f679f6b9288b10f38bdb4f24345edb2f5732affa1d9885267",
      "dependencies": [
        "jsr:@std/bytes@^1.0.2",
        "jsr:@std/encoding",
        "jsr:@std/path@^1.0.6"
      ]
    },
    "@std/bytes@1.0.6": {
      "integrity": "f6ac6adbd8ccd99314045f5703e23af0a68d7f7e58364b47d2c7f408aeb5820a"
    },
    "@std/cli@1.0.20": {
      "integrity": "a8c384a2c98cec6ec6a2055c273a916e2772485eb784af0db004c5ab8ba52333"
    },
    "@std/crypto@1.0.5": {
      "integrity": "0dcfbb319fe0bba1bd3af904ceb4f948cde1b92979ec1614528380ed308a3b40"
    },
    "@std/dotenv@0.225.5": {
      "integrity": "9ce6f9d0ec3311f74a32535aa1b8c62ed88b1ab91b7f0815797d77a6f60c922f"
    },
    "@std/encoding@1.0.10": {
      "integrity": "8783c6384a2d13abd5e9e87a7ae0520a30e9f56aeeaa3bdf910a3eaaf5c811a1"
    },
    "@std/fmt@1.0.8": {
      "integrity": "71e1fc498787e4434d213647a6e43e794af4fd393ef8f52062246e06f7e372b7"
    },
    "@std/fs@1.0.19": {
      "integrity": "051968c2b1eae4d2ea9f79a08a3845740ef6af10356aff43d3e2ef11ed09fb06",
      "dependencies": [
        "jsr:@std/internal",
        "jsr:@std/path@^1.1.1"
      ]
    },
    "@std/http@1.0.19": {
      "integrity": "52128c8d00a1f0b20019f8b72376e7ef5f3133375b6f805b5bc89b9de2ad4686"
    },
    "@std/internal@1.0.9": {
      "integrity": "bdfb97f83e4db7a13e8faab26fb1958d1b80cc64366501af78a0aee151696eb8"
    },
    "@std/path@1.0.9": {
      "integrity": "260a49f11edd3db93dd38350bf9cd1b4d1366afa98e81b86167b4e3dd750129e"
    },
    "@std/path@1.1.0": {
      "integrity": "ddc94f8e3c275627281cbc23341df6b8bcc874d70374f75fec2533521e3d6886"
    },
    "@std/path@1.1.1": {
      "integrity": "fe00026bd3a7e6a27f73709b83c607798be40e20c81dde655ce34052fd82ec76",
      "dependencies": [
        "jsr:@std/internal"
      ]
    },
    "@std/random@0.1.2": {
      "integrity": "21e28f39dcc72d522bb0d2bc13586567d6044c86ee77a0056fcde0e13758c3ee"
    },
    "@std/streams@1.0.10": {
      "integrity": "75c0b1431873cd0d8b3d679015220204d36d3c7420d93b60acfc379eb0dc30af",
      "dependencies": [
        "jsr:@std/bytes@^1.0.6"
      ]
    }
  },
  "npm": {
    "@babel/code-frame@7.27.1": {
      "integrity": "sha512-cjQ7ZlQ0Mv3b47hABuTevyTuYN4i+loJKGeV9flcCgIK37cCXRh+L1bd3iBHlynerhQ7BhCkn2BPbQUL+rGqFg==",
      "dependencies": [
        "@babel/helper-validator-identifier",
        "js-tokens",
        "picocolors"
      ]
    },
    "@babel/helper-validator-identifier@7.27.1": {
      "integrity": "sha512-D2hP9eA+Sqx1kBZgzxZh0y1trbuU+JoDkiEwqhQ36nodYqJwyEIhPSdMNd7lOm/4io72luTPWH20Yda0xOuUow=="
    },
    "@esbuild/aix-ppc64@0.24.2": {
      "integrity": "sha512-thpVCb/rhxE/BnMLQ7GReQLLN8q9qbHmI55F4489/ByVg2aQaQ6kbcLb6FHkocZzQhxc4gx0sCk0tJkKBFzDhA==",
      "os": ["aix"],
      "cpu": ["ppc64"]
    },
    "@esbuild/aix-ppc64@0.25.5": {
      "integrity": "sha512-9o3TMmpmftaCMepOdA5k/yDw8SfInyzWWTjYTFCX3kPSDJMROQTb8jg+h9Cnwnmm1vOzvxN7gIfB5V2ewpjtGA==",
      "os": ["aix"],
      "cpu": ["ppc64"]
    },
    "@esbuild/android-arm64@0.24.2": {
      "integrity": "sha512-cNLgeqCqV8WxfcTIOeL4OAtSmL8JjcN6m09XIgro1Wi7cF4t/THaWEa7eL5CMoMBdjoHOTh/vwTO/o2TRXIyzg==",
      "os": ["android"],
      "cpu": ["arm64"]
    },
    "@esbuild/android-arm64@0.25.5": {
      "integrity": "sha512-VGzGhj4lJO+TVGV1v8ntCZWJktV7SGCs3Pn1GRWI1SBFtRALoomm8k5E9Pmwg3HOAal2VDc2F9+PM/rEY6oIDg==",
      "os": ["android"],
      "cpu": ["arm64"]
    },
    "@esbuild/android-arm@0.24.2": {
      "integrity": "sha512-tmwl4hJkCfNHwFB3nBa8z1Uy3ypZpxqxfTQOcHX+xRByyYgunVbZ9MzUUfb0RxaHIMnbHagwAxuTL+tnNM+1/Q==",
      "os": ["android"],
      "cpu": ["arm"]
    },
    "@esbuild/android-arm@0.25.5": {
      "integrity": "sha512-AdJKSPeEHgi7/ZhuIPtcQKr5RQdo6OO2IL87JkianiMYMPbCtot9fxPbrMiBADOWWm3T2si9stAiVsGbTQFkbA==",
      "os": ["android"],
      "cpu": ["arm"]
    },
    "@esbuild/android-x64@0.24.2": {
      "integrity": "sha512-B6Q0YQDqMx9D7rvIcsXfmJfvUYLoP722bgfBlO5cGvNVb5V/+Y7nhBE3mHV9OpxBf4eAS2S68KZztiPaWq4XYw==",
      "os": ["android"],
      "cpu": ["x64"]
    },
    "@esbuild/android-x64@0.25.5": {
      "integrity": "sha512-D2GyJT1kjvO//drbRT3Hib9XPwQeWd9vZoBJn+bu/lVsOZ13cqNdDeqIF/xQ5/VmWvMduP6AmXvylO/PIc2isw==",
      "os": ["android"],
      "cpu": ["x64"]
    },
    "@esbuild/darwin-arm64@0.24.2": {
      "integrity": "sha512-kj3AnYWc+CekmZnS5IPu9D+HWtUI49hbnyqk0FLEJDbzCIQt7hg7ucF1SQAilhtYpIujfaHr6O0UHlzzSPdOeA==",
      "os": ["darwin"],
      "cpu": ["arm64"]
    },
    "@esbuild/darwin-arm64@0.25.5": {
      "integrity": "sha512-GtaBgammVvdF7aPIgH2jxMDdivezgFu6iKpmT+48+F8Hhg5J/sfnDieg0aeG/jfSvkYQU2/pceFPDKlqZzwnfQ==",
      "os": ["darwin"],
      "cpu": ["arm64"]
    },
    "@esbuild/darwin-x64@0.24.2": {
      "integrity": "sha512-WeSrmwwHaPkNR5H3yYfowhZcbriGqooyu3zI/3GGpF8AyUdsrrP0X6KumITGA9WOyiJavnGZUwPGvxvwfWPHIA==",
      "os": ["darwin"],
      "cpu": ["x64"]
    },
    "@esbuild/darwin-x64@0.25.5": {
      "integrity": "sha512-1iT4FVL0dJ76/q1wd7XDsXrSW+oLoquptvh4CLR4kITDtqi2e/xwXwdCVH8hVHU43wgJdsq7Gxuzcs6Iq/7bxQ==",
      "os": ["darwin"],
      "cpu": ["x64"]
    },
    "@esbuild/freebsd-arm64@0.24.2": {
      "integrity": "sha512-UN8HXjtJ0k/Mj6a9+5u6+2eZ2ERD7Edt1Q9IZiB5UZAIdPnVKDoG7mdTVGhHJIeEml60JteamR3qhsr1r8gXvg==",
      "os": ["freebsd"],
      "cpu": ["arm64"]
    },
    "@esbuild/freebsd-arm64@0.25.5": {
      "integrity": "sha512-nk4tGP3JThz4La38Uy/gzyXtpkPW8zSAmoUhK9xKKXdBCzKODMc2adkB2+8om9BDYugz+uGV7sLmpTYzvmz6Sw==",
      "os": ["freebsd"],
      "cpu": ["arm64"]
    },
    "@esbuild/freebsd-x64@0.24.2": {
      "integrity": "sha512-TvW7wE/89PYW+IevEJXZ5sF6gJRDY/14hyIGFXdIucxCsbRmLUcjseQu1SyTko+2idmCw94TgyaEZi9HUSOe3Q==",
      "os": ["freebsd"],
      "cpu": ["x64"]
    },
    "@esbuild/freebsd-x64@0.25.5": {
      "integrity": "sha512-PrikaNjiXdR2laW6OIjlbeuCPrPaAl0IwPIaRv+SMV8CiM8i2LqVUHFC1+8eORgWyY7yhQY+2U2fA55mBzReaw==",
      "os": ["freebsd"],
      "cpu": ["x64"]
    },
    "@esbuild/linux-arm64@0.24.2": {
      "integrity": "sha512-7HnAD6074BW43YvvUmE/35Id9/NB7BeX5EoNkK9obndmZBUk8xmJJeU7DwmUeN7tkysslb2eSl6CTrYz6oEMQg==",
      "os": ["linux"],
      "cpu": ["arm64"]
    },
    "@esbuild/linux-arm64@0.25.5": {
      "integrity": "sha512-Z9kfb1v6ZlGbWj8EJk9T6czVEjjq2ntSYLY2cw6pAZl4oKtfgQuS4HOq41M/BcoLPzrUbNd+R4BXFyH//nHxVg==",
      "os": ["linux"],
      "cpu": ["arm64"]
    },
    "@esbuild/linux-arm@0.24.2": {
      "integrity": "sha512-n0WRM/gWIdU29J57hJyUdIsk0WarGd6To0s+Y+LwvlC55wt+GT/OgkwoXCXvIue1i1sSNWblHEig00GBWiJgfA==",
      "os": ["linux"],
      "cpu": ["arm"]
    },
    "@esbuild/linux-arm@0.25.5": {
      "integrity": "sha512-cPzojwW2okgh7ZlRpcBEtsX7WBuqbLrNXqLU89GxWbNt6uIg78ET82qifUy3W6OVww6ZWobWub5oqZOVtwolfw==",
      "os": ["linux"],
      "cpu": ["arm"]
    },
    "@esbuild/linux-ia32@0.24.2": {
      "integrity": "sha512-sfv0tGPQhcZOgTKO3oBE9xpHuUqguHvSo4jl+wjnKwFpapx+vUDcawbwPNuBIAYdRAvIDBfZVvXprIj3HA+Ugw==",
      "os": ["linux"],
      "cpu": ["ia32"]
    },
    "@esbuild/linux-ia32@0.25.5": {
      "integrity": "sha512-sQ7l00M8bSv36GLV95BVAdhJ2QsIbCuCjh/uYrWiMQSUuV+LpXwIqhgJDcvMTj+VsQmqAHL2yYaasENvJ7CDKA==",
      "os": ["linux"],
      "cpu": ["ia32"]
    },
    "@esbuild/linux-loong64@0.24.2": {
      "integrity": "sha512-CN9AZr8kEndGooS35ntToZLTQLHEjtVB5n7dl8ZcTZMonJ7CCfStrYhrzF97eAecqVbVJ7APOEe18RPI4KLhwQ==",
      "os": ["linux"],
      "cpu": ["loong64"]
    },
    "@esbuild/linux-loong64@0.25.5": {
      "integrity": "sha512-0ur7ae16hDUC4OL5iEnDb0tZHDxYmuQyhKhsPBV8f99f6Z9KQM02g33f93rNH5A30agMS46u2HP6qTdEt6Q1kg==",
      "os": ["linux"],
      "cpu": ["loong64"]
    },
    "@esbuild/linux-mips64el@0.24.2": {
      "integrity": "sha512-iMkk7qr/wl3exJATwkISxI7kTcmHKE+BlymIAbHO8xanq/TjHaaVThFF6ipWzPHryoFsesNQJPE/3wFJw4+huw==",
      "os": ["linux"],
      "cpu": ["mips64el"]
    },
    "@esbuild/linux-mips64el@0.25.5": {
      "integrity": "sha512-kB/66P1OsHO5zLz0i6X0RxlQ+3cu0mkxS3TKFvkb5lin6uwZ/ttOkP3Z8lfR9mJOBk14ZwZ9182SIIWFGNmqmg==",
      "os": ["linux"],
      "cpu": ["mips64el"]
    },
    "@esbuild/linux-ppc64@0.24.2": {
      "integrity": "sha512-shsVrgCZ57Vr2L8mm39kO5PPIb+843FStGt7sGGoqiiWYconSxwTiuswC1VJZLCjNiMLAMh34jg4VSEQb+iEbw==",
      "os": ["linux"],
      "cpu": ["ppc64"]
    },
    "@esbuild/linux-ppc64@0.25.5": {
      "integrity": "sha512-UZCmJ7r9X2fe2D6jBmkLBMQetXPXIsZjQJCjgwpVDz+YMcS6oFR27alkgGv3Oqkv07bxdvw7fyB71/olceJhkQ==",
      "os": ["linux"],
      "cpu": ["ppc64"]
    },
    "@esbuild/linux-riscv64@0.24.2": {
      "integrity": "sha512-4eSFWnU9Hhd68fW16GD0TINewo1L6dRrB+oLNNbYyMUAeOD2yCK5KXGK1GH4qD/kT+bTEXjsyTCiJGHPZ3eM9Q==",
      "os": ["linux"],
      "cpu": ["riscv64"]
    },
    "@esbuild/linux-riscv64@0.25.5": {
      "integrity": "sha512-kTxwu4mLyeOlsVIFPfQo+fQJAV9mh24xL+y+Bm6ej067sYANjyEw1dNHmvoqxJUCMnkBdKpvOn0Ahql6+4VyeA==",
      "os": ["linux"],
      "cpu": ["riscv64"]
    },
    "@esbuild/linux-s390x@0.24.2": {
      "integrity": "sha512-S0Bh0A53b0YHL2XEXC20bHLuGMOhFDO6GN4b3YjRLK//Ep3ql3erpNcPlEFed93hsQAjAQDNsvcK+hV90FubSw==",
      "os": ["linux"],
      "cpu": ["s390x"]
    },
    "@esbuild/linux-s390x@0.25.5": {
      "integrity": "sha512-K2dSKTKfmdh78uJ3NcWFiqyRrimfdinS5ErLSn3vluHNeHVnBAFWC8a4X5N+7FgVE1EjXS1QDZbpqZBjfrqMTQ==",
      "os": ["linux"],
      "cpu": ["s390x"]
    },
    "@esbuild/linux-x64@0.24.2": {
      "integrity": "sha512-8Qi4nQcCTbLnK9WoMjdC9NiTG6/E38RNICU6sUNqK0QFxCYgoARqVqxdFmWkdonVsvGqWhmm7MO0jyTqLqwj0Q==",
      "os": ["linux"],
      "cpu": ["x64"]
    },
    "@esbuild/linux-x64@0.25.5": {
      "integrity": "sha512-uhj8N2obKTE6pSZ+aMUbqq+1nXxNjZIIjCjGLfsWvVpy7gKCOL6rsY1MhRh9zLtUtAI7vpgLMK6DxjO8Qm9lJw==",
      "os": ["linux"],
      "cpu": ["x64"]
    },
    "@esbuild/netbsd-arm64@0.24.2": {
      "integrity": "sha512-wuLK/VztRRpMt9zyHSazyCVdCXlpHkKm34WUyinD2lzK07FAHTq0KQvZZlXikNWkDGoT6x3TD51jKQ7gMVpopw==",
      "os": ["netbsd"],
      "cpu": ["arm64"]
    },
    "@esbuild/netbsd-arm64@0.25.5": {
      "integrity": "sha512-pwHtMP9viAy1oHPvgxtOv+OkduK5ugofNTVDilIzBLpoWAM16r7b/mxBvfpuQDpRQFMfuVr5aLcn4yveGvBZvw==",
      "os": ["netbsd"],
      "cpu": ["arm64"]
    },
    "@esbuild/netbsd-x64@0.24.2": {
      "integrity": "sha512-VefFaQUc4FMmJuAxmIHgUmfNiLXY438XrL4GDNV1Y1H/RW3qow68xTwjZKfj/+Plp9NANmzbH5R40Meudu8mmw==",
      "os": ["netbsd"],
      "cpu": ["x64"]
    },
    "@esbuild/netbsd-x64@0.25.5": {
      "integrity": "sha512-WOb5fKrvVTRMfWFNCroYWWklbnXH0Q5rZppjq0vQIdlsQKuw6mdSihwSo4RV/YdQ5UCKKvBy7/0ZZYLBZKIbwQ==",
      "os": ["netbsd"],
      "cpu": ["x64"]
    },
    "@esbuild/openbsd-arm64@0.24.2": {
      "integrity": "sha512-YQbi46SBct6iKnszhSvdluqDmxCJA+Pu280Av9WICNwQmMxV7nLRHZfjQzwbPs3jeWnuAhE9Jy0NrnJ12Oz+0A==",
      "os": ["openbsd"],
      "cpu": ["arm64"]
    },
    "@esbuild/openbsd-arm64@0.25.5": {
      "integrity": "sha512-7A208+uQKgTxHd0G0uqZO8UjK2R0DDb4fDmERtARjSHWxqMTye4Erz4zZafx7Di9Cv+lNHYuncAkiGFySoD+Mw==",
      "os": ["openbsd"],
      "cpu": ["arm64"]
    },
    "@esbuild/openbsd-x64@0.24.2": {
      "integrity": "sha512-+iDS6zpNM6EnJyWv0bMGLWSWeXGN/HTaF/LXHXHwejGsVi+ooqDfMCCTerNFxEkM3wYVcExkeGXNqshc9iMaOA==",
      "os": ["openbsd"],
      "cpu": ["x64"]
    },
    "@esbuild/openbsd-x64@0.25.5": {
      "integrity": "sha512-G4hE405ErTWraiZ8UiSoesH8DaCsMm0Cay4fsFWOOUcz8b8rC6uCvnagr+gnioEjWn0wC+o1/TAHt+It+MpIMg==",
      "os": ["openbsd"],
      "cpu": ["x64"]
    },
    "@esbuild/sunos-x64@0.24.2": {
      "integrity": "sha512-hTdsW27jcktEvpwNHJU4ZwWFGkz2zRJUz8pvddmXPtXDzVKTTINmlmga3ZzwcuMpUvLw7JkLy9QLKyGpD2Yxig==",
      "os": ["sunos"],
      "cpu": ["x64"]
    },
    "@esbuild/sunos-x64@0.25.5": {
      "integrity": "sha512-l+azKShMy7FxzY0Rj4RCt5VD/q8mG/e+mDivgspo+yL8zW7qEwctQ6YqKX34DTEleFAvCIUviCFX1SDZRSyMQA==",
      "os": ["sunos"],
      "cpu": ["x64"]
    },
    "@esbuild/win32-arm64@0.24.2": {
      "integrity": "sha512-LihEQ2BBKVFLOC9ZItT9iFprsE9tqjDjnbulhHoFxYQtQfai7qfluVODIYxt1PgdoyQkz23+01rzwNwYfutxUQ==",
      "os": ["win32"],
      "cpu": ["arm64"]
    },
    "@esbuild/win32-arm64@0.25.5": {
      "integrity": "sha512-O2S7SNZzdcFG7eFKgvwUEZ2VG9D/sn/eIiz8XRZ1Q/DO5a3s76Xv0mdBzVM5j5R639lXQmPmSo0iRpHqUUrsxw==",
      "os": ["win32"],
      "cpu": ["arm64"]
    },
    "@esbuild/win32-ia32@0.24.2": {
      "integrity": "sha512-q+iGUwfs8tncmFC9pcnD5IvRHAzmbwQ3GPS5/ceCyHdjXubwQWI12MKWSNSMYLJMq23/IUCvJMS76PDqXe1fxA==",
      "os": ["win32"],
      "cpu": ["ia32"]
    },
    "@esbuild/win32-ia32@0.25.5": {
      "integrity": "sha512-onOJ02pqs9h1iMJ1PQphR+VZv8qBMQ77Klcsqv9CNW2w6yLqoURLcgERAIurY6QE63bbLuqgP9ATqajFLK5AMQ==",
      "os": ["win32"],
      "cpu": ["ia32"]
    },
    "@esbuild/win32-x64@0.24.2": {
      "integrity": "sha512-7VTgWzgMGvup6aSqDPLiW5zHaxYJGTO4OokMjIlrCtf+VpEL+cXKtCvg723iguPYI5oaUNdS+/V7OU2gvXVWEg==",
      "os": ["win32"],
      "cpu": ["x64"]
    },
    "@esbuild/win32-x64@0.25.5": {
      "integrity": "sha512-TXv6YnJ8ZMVdX+SXWVBo/0p8LTcrUYngpWjvm91TMjjBQii7Oz11Lw5lbDV5Y0TzuhSJHwiH4hEtC1I42mMS0g==",
      "os": ["win32"],
      "cpu": ["x64"]
    },
    "@octokit/app@16.0.1_@octokit+core@7.0.2": {
      "integrity": "sha512-kgTeTsWmpUX+s3Fs4EK4w1K+jWCDB6ClxLSWUWTyhlw7+L3jHtuXDR4QtABu2GsmCMdk67xRhruiXotS3ay3Yw==",
      "dependencies": [
        "@octokit/auth-app",
        "@octokit/auth-unauthenticated",
        "@octokit/core",
        "@octokit/oauth-app",
        "@octokit/plugin-paginate-rest",
        "@octokit/types",
        "@octokit/webhooks"
      ]
    },
    "@octokit/auth-app@8.0.1": {
      "integrity": "sha512-P2J5pB3pjiGwtJX4WqJVYCtNkcZ+j5T2Wm14aJAEIC3WJOrv12jvBley3G1U/XI8q9o1A7QMG54LiFED2BiFlg==",
      "dependencies": [
        "@octokit/auth-oauth-app",
        "@octokit/auth-oauth-user",
        "@octokit/request",
        "@octokit/request-error",
        "@octokit/types",
        "toad-cache",
        "universal-github-app-jwt",
        "universal-user-agent"
      ]
    },
    "@octokit/auth-oauth-app@9.0.1": {
      "integrity": "sha512-TthWzYxuHKLAbmxdFZwFlmwVyvynpyPmjwc+2/cI3cvbT7mHtsAW9b1LvQaNnAuWL+pFnqtxdmrU8QpF633i1g==",
      "dependencies": [
        "@octokit/auth-oauth-device",
        "@octokit/auth-oauth-user",
        "@octokit/request",
        "@octokit/types",
        "universal-user-agent"
      ]
    },
    "@octokit/auth-oauth-device@8.0.1": {
      "integrity": "sha512-TOqId/+am5yk9zor0RGibmlqn4V0h8vzjxlw/wYr3qzkQxl8aBPur384D1EyHtqvfz0syeXji4OUvKkHvxk/Gw==",
      "dependencies": [
        "@octokit/oauth-methods",
        "@octokit/request",
        "@octokit/types",
        "universal-user-agent"
      ]
    },
    "@octokit/auth-oauth-user@6.0.0": {
      "integrity": "sha512-GV9IW134PHsLhtUad21WIeP9mlJ+QNpFd6V9vuPWmaiN25HEJeEQUcS4y5oRuqCm9iWDLtfIs+9K8uczBXKr6A==",
      "dependencies": [
        "@octokit/auth-oauth-device",
        "@octokit/oauth-methods",
        "@octokit/request",
        "@octokit/types",
        "universal-user-agent"
      ]
    },
    "@octokit/auth-token@6.0.0": {
      "integrity": "sha512-P4YJBPdPSpWTQ1NU4XYdvHvXJJDxM6YwpS0FZHRgP7YFkdVxsWcpWGy/NVqlAA7PcPCnMacXlRm1y2PFZRWL/w=="
    },
    "@octokit/auth-unauthenticated@7.0.1": {
      "integrity": "sha512-qVq1vdjLLZdE8kH2vDycNNjuJRCD1q2oet1nA/GXWaYlpDxlR7rdVhX/K/oszXslXiQIiqrQf+rdhDlA99JdTQ==",
      "dependencies": [
        "@octokit/request-error",
        "@octokit/types"
      ]
    },
    "@octokit/core@7.0.2": {
      "integrity": "sha512-ODsoD39Lq6vR6aBgvjTnA3nZGliknKboc9Gtxr7E4WDNqY24MxANKcuDQSF0jzapvGb3KWOEDrKfve4HoWGK+g==",
      "dependencies": [
        "@octokit/auth-token",
        "@octokit/graphql",
        "@octokit/request",
        "@octokit/request-error",
        "@octokit/types",
        "before-after-hook",
        "universal-user-agent"
      ]
    },
    "@octokit/endpoint@11.0.0": {
      "integrity": "sha512-hoYicJZaqISMAI3JfaDr1qMNi48OctWuOih1m80bkYow/ayPw6Jj52tqWJ6GEoFTk1gBqfanSoI1iY99Z5+ekQ==",
      "dependencies": [
        "@octokit/types",
        "universal-user-agent"
      ]
    },
    "@octokit/graphql@9.0.1": {
      "integrity": "sha512-j1nQNU1ZxNFx2ZtKmL4sMrs4egy5h65OMDmSbVyuCzjOcwsHq6EaYjOTGXPQxgfiN8dJ4CriYHk6zF050WEULg==",
      "dependencies": [
        "@octokit/request",
        "@octokit/types",
        "universal-user-agent"
      ]
    },
    "@octokit/oauth-app@8.0.1": {
      "integrity": "sha512-QnhMYEQpnYbEPn9cae+wXL2LuPMFglmfeuDJXXsyxIXdoORwkLK8y0cHhd/5du9MbO/zdG/BXixzB7EEwU63eQ==",
      "dependencies": [
        "@octokit/auth-oauth-app",
        "@octokit/auth-oauth-user",
        "@octokit/auth-unauthenticated",
        "@octokit/core",
        "@octokit/oauth-authorization-url",
        "@octokit/oauth-methods",
        "@types/aws-lambda",
        "universal-user-agent"
      ]
    },
    "@octokit/oauth-authorization-url@8.0.0": {
      "integrity": "sha512-7QoLPRh/ssEA/HuHBHdVdSgF8xNLz/Bc5m9fZkArJE5bb6NmVkDm3anKxXPmN1zh6b5WKZPRr3697xKT/yM3qQ=="
    },
    "@octokit/oauth-methods@6.0.0": {
      "integrity": "sha512-Q8nFIagNLIZgM2odAraelMcDssapc+lF+y3OlcIPxyAU+knefO8KmozGqfnma1xegRDP4z5M73ABsamn72bOcA==",
      "dependencies": [
        "@octokit/oauth-authorization-url",
        "@octokit/request",
        "@octokit/request-error",
        "@octokit/types"
      ]
    },
    "@octokit/openapi-types@25.1.0": {
      "integrity": "sha512-idsIggNXUKkk0+BExUn1dQ92sfysJrje03Q0bv0e+KPLrvyqZF8MnBpFz8UNfYDwB3Ie7Z0TByjWfzxt7vseaA=="
    },
    "@octokit/openapi-webhooks-types@11.0.0": {
      "integrity": "sha512-ZBzCFj98v3SuRM7oBas6BHZMJRadlnDoeFfvm1olVxZnYeU6Vh97FhPxyS5aLh5pN51GYv2I51l/hVUAVkGBlA=="
    },
    "@octokit/plugin-paginate-graphql@6.0.0_@octokit+core@7.0.2": {
      "integrity": "sha512-crfpnIoFiBtRkvPqOyLOsw12XsveYuY2ieP6uYDosoUegBJpSVxGwut9sxUgFFcll3VTOTqpUf8yGd8x1OmAkQ==",
      "dependencies": [
        "@octokit/core"
      ]
    },
    "@octokit/plugin-paginate-rest@13.0.1_@octokit+core@7.0.2": {
      "integrity": "sha512-m1KvHlueScy4mQJWvFDCxFBTIdXS0K1SgFGLmqHyX90mZdCIv6gWBbKRhatxRjhGlONuTK/hztYdaqrTXcFZdQ==",
      "dependencies": [
        "@octokit/core",
        "@octokit/types"
      ]
    },
    "@octokit/plugin-rest-endpoint-methods@16.0.0_@octokit+core@7.0.2": {
      "integrity": "sha512-kJVUQk6/dx/gRNLWUnAWKFs1kVPn5O5CYZyssyEoNYaFedqZxsfYs7DwI3d67hGz4qOwaJ1dpm07hOAD1BXx6g==",
      "dependencies": [
        "@octokit/core",
        "@octokit/types"
      ]
    },
    "@octokit/plugin-retry@8.0.1_@octokit+core@7.0.2": {
      "integrity": "sha512-KUoYR77BjF5O3zcwDQHRRZsUvJwepobeqiSSdCJ8lWt27FZExzb0GgVxrhhfuyF6z2B2zpO0hN5pteni1sqWiw==",
      "dependencies": [
        "@octokit/core",
        "@octokit/request-error",
        "@octokit/types",
        "bottleneck"
      ]
    },
    "@octokit/plugin-throttling@11.0.1_@octokit+core@7.0.2": {
      "integrity": "sha512-S+EVhy52D/272L7up58dr3FNSMXWuNZolkL4zMJBNIfIxyZuUcczsQAU4b5w6dewJXnKYVgSHSV5wxitMSW1kw==",
      "dependencies": [
        "@octokit/core",
        "@octokit/types",
        "bottleneck"
      ]
    },
    "@octokit/request-error@7.0.0": {
      "integrity": "sha512-KRA7VTGdVyJlh0cP5Tf94hTiYVVqmt2f3I6mnimmaVz4UG3gQV/k4mDJlJv3X67iX6rmN7gSHCF8ssqeMnmhZg==",
      "dependencies": [
        "@octokit/types"
      ]
    },
    "@octokit/request@10.0.2": {
      "integrity": "sha512-iYj4SJG/2bbhh+iIpFmG5u49DtJ4lipQ+aPakjL9OKpsGY93wM8w06gvFbEQxcMsZcCvk5th5KkIm2m8o14aWA==",
      "dependencies": [
        "@octokit/endpoint",
        "@octokit/request-error",
        "@octokit/types",
        "fast-content-type-parse",
        "universal-user-agent"
      ]
    },
    "@octokit/types@14.1.0": {
      "integrity": "sha512-1y6DgTy8Jomcpu33N+p5w58l6xyt55Ar2I91RPiIA0xCJBXyUAhXCcmZaDWSANiha7R9a6qJJ2CRomGPZ6f46g==",
      "dependencies": [
        "@octokit/openapi-types"
      ]
    },
    "@octokit/webhooks-methods@6.0.0": {
      "integrity": "sha512-MFlzzoDJVw/GcbfzVC1RLR36QqkTLUf79vLVO3D+xn7r0QgxnFoLZgtrzxiQErAjFUOdH6fas2KeQJ1yr/qaXQ=="
    },
    "@octokit/webhooks@14.0.0": {
      "integrity": "sha512-IZV4vg/s1pqIpCs86a0tp5FQ/O94DUaqksMdNrXFSaE037TXsB+fIhr8OVig09oEx3WazVgE6B2U+u7/Fvdlsw==",
      "dependencies": [
        "@octokit/openapi-webhooks-types",
        "@octokit/request-error",
        "@octokit/webhooks-methods"
      ]
    },
    "@redocly/ajv@8.11.2": {
      "integrity": "sha512-io1JpnwtIcvojV7QKDUSIuMN/ikdOUd1ReEnUnMKGfDVridQZ31J0MmIuqwuRjWDZfmvr+Q0MqCcfHM2gTivOg==",
      "dependencies": [
        "fast-deep-equal",
        "json-schema-traverse",
        "require-from-string",
        "uri-js-replace"
      ]
    },
    "@redocly/config@0.22.2": {
      "integrity": "sha512-roRDai8/zr2S9YfmzUfNhKjOF0NdcOIqF7bhf4MVC5UxpjIysDjyudvlAiVbpPHp3eDRWbdzUgtkK1a7YiDNyQ=="
    },
    "@redocly/openapi-core@1.34.3": {
      "integrity": "sha512-3arRdUp1fNx55itnjKiUhO6t4Mf91TsrTIYINDNLAZPS0TPd5YpiXRctwjel0qqWoOOhjA34cZ3m4dksLDFUYg==",
      "dependencies": [
        "@redocly/ajv",
        "@redocly/config",
        "colorette",
        "https-proxy-agent",
        "js-levenshtein",
        "js-yaml",
        "minimatch",
        "pluralize",
        "yaml-ast-parser"
      ]
    },
    "@types/aws-lambda@8.10.149": {
      "integrity": "sha512-NXSZIhfJjnXqJgtS7IwutqIF/SOy1Wz5Px4gUY1RWITp3AYTyuJS4xaXr/bIJY1v15XMzrJ5soGnPM+7uigZjA=="
    },
    "@types/node@22.10.1": {
      "integrity": "sha512-qKgsUwfHZV2WCWLAnVP1JqnpE6Im6h3Y0+fYgMTasNQ7V++CBX5OT1as0g0f+OyubbFqhf6XVNIsmN4IIhEgGQ==",
      "dependencies": [
        "undici-types"
      ]
    },
    "@types/react-dom@19.1.6_@types+react@19.1.8": {
      "integrity": "sha512-4hOiT/dwO8Ko0gV1m/TJZYk3y0KBnY9vzDh7W+DH17b2HFSOGgdj33dhihPeuy3l0q23+4e+hoXHV6hCC4dCXw==",
      "dependencies": [
        "@types/react"
      ]
    },
    "@types/react@19.1.8": {
      "integrity": "sha512-AwAfQ2Wa5bCx9WP8nZL2uMZWod7J7/JSplxbTmBQ5ms6QpqNYm672H0Vu9ZVKVngQ+ii4R/byguVEUZQyeg44g==",
      "dependencies": [
        "csstype"
      ]
    },
    "agent-base@7.1.1": {
      "integrity": "sha512-H0TSyFNDMomMNJQBn8wFV5YC/2eJ+VXECwOadZJT554xP6cODZHPX3H9QMQECxvrgiSOP1pHjy1sMWQVYJOUOA==",
      "dependencies": [
        "debug"
      ]
    },
    "ansi-colors@4.1.3": {
      "integrity": "sha512-/6w/C21Pm1A7aZitlI5Ni/2J6FFQN8i1Cvz3kHABAAbw93v/NlvKdVOqz7CCWz/3iv/JplRSEEZ83XION15ovw=="
    },
    "argparse@2.0.1": {
      "integrity": "sha512-8+9WqebbFzpX9OR+Wa6O29asIogeRMzcGtAINdpMHHyAg10f05aSFVBbcEqGf/PXw1EjAZ+q2/bEBg3DvurK3Q=="
    },
    "balanced-match@1.0.2": {
      "integrity": "sha512-3oSeUO0TMV67hN1AmbXsK4yaqU7tjiHlbxRDZOpH0KW9+CeX4bRAaX0Anxt0tx2MrpRpWwQaPwIlISEJhYU5Pw=="
    },
    "before-after-hook@4.0.0": {
      "integrity": "sha512-q6tR3RPqIB1pMiTRMFcZwuG5T8vwp+vUvEG0vuI6B+Rikh5BfPp2fQ82c925FOs+b0lcFQ8CFrL+KbilfZFhOQ=="
    },
    "bottleneck@2.19.5": {
      "integrity": "sha512-VHiNCbI1lKdl44tGrhNfU3lup0Tj/ZBMJB5/2ZbNXRCPuRCO7ed2mgcK4r17y+KB2EfuYuRaVlwNbAeaWGSpbw=="
    },
    "brace-expansion@2.0.1": {
      "integrity": "sha512-XnAIvQ8eM+kC6aULx6wuQiwVsnzsi9d3WxzV3FpWTGA19F621kwdbsAcFKXgKUHZWsy+mY6iL1sHTxWEFCytDA==",
      "dependencies": [
        "balanced-match"
      ]
    },
    "change-case@5.4.4": {
      "integrity": "sha512-HRQyTk2/YPEkt9TnUPbOpr64Uw3KOicFWPVBb+xiHvd6eBx/qPr9xqfBFDT8P2vWsvvz4jbEkfDe71W3VyNu2w=="
    },
    "colorette@1.4.0": {
      "integrity": "sha512-Y2oEozpomLn7Q3HFP7dpww7AtMJplbM9lGZP6RDfHqmbeRjiwRg4n6VM6j4KLmRke85uWEI7JqF17f3pqdRA0g=="
    },
    "csstype@3.1.3": {
      "integrity": "sha512-M1uQkMl8rQK/szD0LNhtqxIPLpimGm8sOBwU7lLnCpSbTyY3yeU1Vc7l4KT5zT4s/yOxHH5O7tIuuLOCnLADRw=="
    },
    "debug@4.3.7": {
      "integrity": "sha512-Er2nc/H7RrMXZBFCEim6TCmMk02Z8vLC2Rbi1KEBggpo0fS6l0S1nnapwmIi3yW/+GOJap1Krg4w0Hg80oCqgQ==",
      "dependencies": [
        "ms"
      ]
    },
    "esbuild@0.25.5": {
      "integrity": "sha512-P8OtKZRv/5J5hhz0cUAdu/cLuPIKXpQl1R9pZtvmHWQvrAUVd0UNIPT4IB4W3rNOqVO0rlqHmCIbSwxh/c9yUQ==",
      "optionalDependencies": [
        "@esbuild/aix-ppc64@0.25.5",
        "@esbuild/android-arm@0.25.5",
        "@esbuild/android-arm64@0.25.5",
        "@esbuild/android-x64@0.25.5",
        "@esbuild/darwin-arm64@0.25.5",
        "@esbuild/darwin-x64@0.25.5",
        "@esbuild/freebsd-arm64@0.25.5",
        "@esbuild/freebsd-x64@0.25.5",
        "@esbuild/linux-arm@0.25.5",
        "@esbuild/linux-arm64@0.25.5",
        "@esbuild/linux-ia32@0.25.5",
        "@esbuild/linux-loong64@0.25.5",
        "@esbuild/linux-mips64el@0.25.5",
        "@esbuild/linux-ppc64@0.25.5",
        "@esbuild/linux-riscv64@0.25.5",
        "@esbuild/linux-s390x@0.25.5",
        "@esbuild/linux-x64@0.25.5",
        "@esbuild/netbsd-arm64@0.25.5",
        "@esbuild/netbsd-x64@0.25.5",
        "@esbuild/openbsd-arm64@0.25.5",
        "@esbuild/openbsd-x64@0.25.5",
        "@esbuild/sunos-x64@0.25.5",
        "@esbuild/win32-arm64@0.25.5",
        "@esbuild/win32-ia32@0.25.5",
        "@esbuild/win32-x64@0.25.5"
      ],
      "scripts": true,
      "bin": true
    },
    "fast-content-type-parse@3.0.0": {
      "integrity": "sha512-ZvLdcY8P+N8mGQJahJV5G4U88CSvT1rP8ApL6uETe88MBXrBHAkZlSEySdUlyztF7ccb+Znos3TFqaepHxdhBg=="
    },
    "fast-deep-equal@3.1.3": {
      "integrity": "sha512-f3qQ9oQy9j2AhBe/H9VC91wLmKBCCU/gDOnKNAYG5hswO7BLKj09Hc5HYNz9cGI++xlpDCIgDaitVs03ATR84Q=="
    },
    "https-proxy-agent@7.0.5": {
      "integrity": "sha512-1e4Wqeblerz+tMKPIq2EMGiiWW1dIjZOksyHWSUm1rmuvw/how9hBHZ38lAGj5ID4Ik6EdkOw7NmWPy6LAwalw==",
      "dependencies": [
        "agent-base",
        "debug"
      ]
    },
    "index-to-position@1.1.0": {
      "integrity": "sha512-XPdx9Dq4t9Qk1mTMbWONJqU7boCoumEH7fRET37HX5+khDUl3J2W6PdALxhILYlIYx2amlwYcRPp28p0tSiojg=="
    },
    "iteretijs@0.2.3": {
      "integrity": "sha512-IDYbushqDuGNfo5Y68h4YaQL8fkPobiz5rr7aX7GMtiz+HLA3UOqaIuWKHXv3tC3h8UYphP/KYIUe7mRo10Y0g=="
    },
    "js-levenshtein@1.1.6": {
      "integrity": "sha512-X2BB11YZtrRqY4EnQcLX5Rh373zbK4alC1FW7D7MBhL2gtcC17cTnr6DmfHZeS0s2rTHjUTMMHfG7gO8SSdw+g=="
    },
    "js-tokens@4.0.0": {
      "integrity": "sha512-RdJUflcE3cUzKiMqQgsCu06FPu9UdIJO0beYbPhHN4k6apgJtifcoCtT9bcxOpYBtpD2kCM6Sbzg4CausW/PKQ=="
    },
    "js-yaml@4.1.0": {
      "integrity": "sha512-wpxZs9NoxZaJESJGIZTyDEaYpl0FKSA+FB9aJiyemKhMwkxQg63h4T1KJgUGHpTqPDNRcmmYLugrRjJlBtWvRA==",
      "dependencies": [
        "argparse"
      ],
      "bin": true
    },
    "json-schema-traverse@1.0.0": {
      "integrity": "sha512-NM8/P9n3XjXhIZn1lLhkFaACTOURQXjWhV4BA/RnOv8xvgqtqpAX9IO4mRQxSx1Rlo4tqzeqb0sOlruaOy3dug=="
    },
    "minimatch@5.1.6": {
      "integrity": "sha512-lKwV/1brpG6mBUFHtb7NUmtABCb2WZZmm2wNiOA5hAb8VdCS4B3dtMWyvcoViccwAW/COERjXLt0zP1zXUN26g==",
      "dependencies": [
        "brace-expansion"
      ]
    },
    "ms@2.1.3": {
      "integrity": "sha512-6FlzubTLZG3J2a/NVCAleEhjzq5oxgHyaCU9yYXvcLsvoVaHJq/s5xXI6/XXP6tz7R9xAOtHnSO/tXtF3WRTlA=="
    },
    "octokit@5.0.3_@octokit+core@7.0.2": {
      "integrity": "sha512-+bwYsAIRmYv30NTmBysPIlgH23ekVDriB07oRxlPIAH5PI0yTMSxg5i5Xy0OetcnZw+nk/caD4szD7a9YZ3QyQ==",
      "dependencies": [
        "@octokit/app",
        "@octokit/core",
        "@octokit/oauth-app",
        "@octokit/plugin-paginate-graphql",
        "@octokit/plugin-paginate-rest",
        "@octokit/plugin-rest-endpoint-methods",
        "@octokit/plugin-retry",
        "@octokit/plugin-throttling",
        "@octokit/request-error",
        "@octokit/types",
        "@octokit/webhooks"
      ]
    },
    "openapi-typescript-fetch@2.2.1": {
      "integrity": "sha512-aBp1cR5FTNxp4HA8bb2ST53aIqEiJgoOMyXiyzKi6YF7vogW8KkyyUQ1FeDz8D05uspxFrKvFbkVU2YiiKkULA=="
    },
    "openapi-typescript@7.8.0_typescript@5.8.3": {
      "integrity": "sha512-1EeVWmDzi16A+siQlo/SwSGIT7HwaFAVjvMA7/jG5HMLSnrUOzPL7uSTRZZa4v/LCRxHTApHKtNY6glApEoiUQ==",
      "dependencies": [
        "@redocly/openapi-core",
        "ansi-colors",
        "change-case",
        "parse-json",
        "supports-color",
        "typescript",
        "yargs-parser"
      ],
      "bin": true
    },
    "parse-json@8.3.0": {
      "integrity": "sha512-ybiGyvspI+fAoRQbIPRddCcSTV9/LsJbf0e/S85VLowVGzRmokfneg2kwVW/KU5rOXrPSbF1qAKPMgNTqqROQQ==",
      "dependencies": [
        "@babel/code-frame",
        "index-to-position",
        "type-fest"
      ]
    },
    "picocolors@1.1.1": {
      "integrity": "sha512-xceH2snhtb5M9liqDsmEw56le376mTZkEX/jEb/RxNFyegNul7eNslCXP9FDj/Lcu0X8KEyMceP2ntpaHrDEVA=="
    },
    "pluralize@8.0.0": {
      "integrity": "sha512-Nc3IT5yHzflTfbjgqWcCPpo7DaKy4FnpB0l/zCAW0Tc7jxAiuqSxHasntB3D7887LSrA93kDJ9IXovxJYxyLCA=="
    },
    "react-dom@19.1.0_react@19.1.0": {
      "integrity": "sha512-Xs1hdnE+DyKgeHJeJznQmYMIBG3TKIHJJT95Q58nHLSrElKlGQqDTR2HQ9fx5CN/Gk6Vh/kupBTDLU11/nDk/g==",
      "dependencies": [
        "react",
        "scheduler"
      ]
    },
    "react@19.1.0": {
      "integrity": "sha512-FS+XFBNvn3GTAWq26joslQgWNoFu08F4kl0J4CgdNKADkdSGXQyTCnKteIAJy96Br6YbpEU1LSzV5dYtjMkMDg=="
    },
    "require-from-string@2.0.2": {
      "integrity": "sha512-Xf0nWe6RseziFMu+Ap9biiUbmplq6S9/p+7w7YXP/JBHhrUDDUhwa+vANyubuqfZWTveU//DYVGsDG7RKL/vEw=="
    },
    "scheduler@0.26.0": {
      "integrity": "sha512-NlHwttCI/l5gCPR3D1nNXtWABUmBwvZpEQiD4IXSbIDq8BzLIK/7Ir5gTFSGZDUu37K5cMNp0hFtzO38sC7gWA=="
    },
    "supports-color@10.0.0": {
      "integrity": "sha512-HRVVSbCCMbj7/kdWF9Q+bbckjBHLtHMEoJWlkmYzzdwhYMkjkOwubLM6t7NbWKjgKamGDrWL1++KrjUO1t9oAQ=="
    },
    "toad-cache@3.7.0": {
      "integrity": "sha512-/m8M+2BJUpoJdgAHoG+baCwBT+tf2VraSfkBgl0Y00qIWt41DJ8R5B8nsEw0I58YwF5IZH6z24/2TobDKnqSWw=="
    },
    "type-fest@4.41.0": {
      "integrity": "sha512-TeTSQ6H5YHvpqVwBRcnLDCBnDOHWYu7IvGbHT6N8AOymcr9PJGjc1GTtiWZTYg0NCgYwvnYWEkVChQAr9bjfwA=="
    },
    "typescript@5.8.3": {
      "integrity": "sha512-p1diW6TqL9L07nNxvRMM7hMMw4c5XOo/1ibL4aAIGmSAt9slTE1Xgw5KWuof2uTOvCg9BY7ZRi+GaF+7sfgPeQ==",
      "bin": true
    },
    "undici-types@6.20.0": {
      "integrity": "sha512-Ny6QZ2Nju20vw1SRHe3d9jVu6gJ+4e3+MMpqu7pqE5HT6WsTSlce++GQmK5UXS8mzV8DSYHrQH+Xrf2jVcuKNg=="
    },
    "universal-github-app-jwt@2.2.2": {
      "integrity": "sha512-dcmbeSrOdTnsjGjUfAlqNDJrhxXizjAz94ija9Qw8YkZ1uu0d+GoZzyH+Jb9tIIqvGsadUfwg+22k5aDqqwzbw=="
    },
    "universal-user-agent@7.0.3": {
      "integrity": "sha512-TmnEAEAsBJVZM/AADELsK76llnwcf9vMKuPz8JflO1frO8Lchitr0fNaN9d+Ap0BjKtqWqd/J17qeDnXh8CL2A=="
    },
    "uri-js-replace@1.0.1": {
      "integrity": "sha512-W+C9NWNLFOoBI2QWDp4UT9pv65r2w5Cx+3sTYFvtMdDBxkKt1syCqsUdSFAChbEe1uK5TfS04wt/nGwmaeIQ0g=="
    },
    "yaml-ast-parser@0.0.43": {
      "integrity": "sha512-2PTINUwsRqSd+s8XxKaJWQlUuEMHJQyEuh2edBbW8KNJz0SJPwUSD2zRWqezFEdN7IzAgeuYHFUCF7o8zRdZ0A=="
    },
    "yargs-parser@21.1.1": {
      "integrity": "sha512-tVpsJW7DdjecAiFpbIB1e3qxIQsE6NoPc5/eTdrbbIC4h0LVsWhnoa3g+m2HclBIujHzsxZ4VJVA+GUuc2/LBw=="
    },
    "zod@3.25.74": {
      "integrity": "sha512-J8poo92VuhKjNknViHRAIuuN6li/EwFbAC8OedzI8uxpEPGiXHGQu9wemIAioIpqgfB4SySaJhdk0mH5Y4ICBg=="
    }
  },
  "redirects": {
    "https://lib.deno.dev/x/grammy@v1/mod.ts": "https://deno.land/x/grammy@v1.36.3/mod.ts",
    "https://lib.deno.dev/x/grammy@v1/types.ts": "https://deno.land/x/grammy@v1.36.3/types.ts"
  },
  "remote": {
    "https://cdn.skypack.dev/-/debug@v4.3.4-o4liVvMlOnQWbLSYZMXw/dist=es2019,mode=imports/optimized/debug.js": "671100993996e39b501301a87000607916d4d2d9f8fc8e9c5200ae5ba64a1389",
    "https://cdn.skypack.dev/-/ms@v2.1.2-giBDZ1IA5lmQ3ZXaa87V/dist=es2019,mode=imports/optimized/ms.js": "fd88e2d51900437011f1ad232f3393ce97db1b87a7844b3c58dd6d65562c1276",
    "https://cdn.skypack.dev/debug@4.3.4": "7b1d010cc930f71b940ba5941da055bc181115229e29de7214bdb4425c68ea76",
    "https://deno.land/x/grammy@v1.36.3/bot.ts": "b0e3159726c9873787ab7a06c2bcf5b8bb90da3493486b31a50cf260534bfa9e",
    "https://deno.land/x/grammy@v1.36.3/composer.ts": "4fcfc5c5b68107c0e0f24a9b00a5f3cf8d4ed0adee964be17005d96782e09562",
    "https://deno.land/x/grammy@v1.36.3/context.ts": "7e096053edbdf289b62b718d657c4d54b063d0eb8e7b25ecc9c84a96de502068",
    "https://deno.land/x/grammy@v1.36.3/convenience/constants.ts": "1560129784be52f49aa0bea8716f09ed00dac367fef195be6a2c09bdfc43fb99",
    "https://deno.land/x/grammy@v1.36.3/convenience/frameworks.ts": "e78afd522b62202053c09dc119ff282d356d85845a05af6d678a4ffa7ca3037d",
    "https://deno.land/x/grammy@v1.36.3/convenience/inline_query.ts": "409d1940c7670708064efa495003bcbfdf6763a756b2e6303c464489fd3394ff",
    "https://deno.land/x/grammy@v1.36.3/convenience/input_media.ts": "7af72a5fdb1af0417e31b1327003f536ddfdf64e06ab8bc7f5da6b574de38658",
    "https://deno.land/x/grammy@v1.36.3/convenience/keyboard.ts": "dc5d3f53d0f6a15600ced9b40c85debe55a5d381436826b4cdede18c84bd6bae",
    "https://deno.land/x/grammy@v1.36.3/convenience/session.ts": "5e4b976528a0b3d7893645ac23e2e35e78671af578a3aed5efb4b621e7e9b6da",
    "https://deno.land/x/grammy@v1.36.3/convenience/webhook.ts": "722f6da8de7578ecfcd263ca07ec3b81f09e7f243fdf2a887ac0e6cab509e116",
    "https://deno.land/x/grammy@v1.36.3/core/api.ts": "7c4e031a31dc40fd66fccd0bd6d89673f6ccab51caf5b0f57e9eafc72bdb129a",
    "https://deno.land/x/grammy@v1.36.3/core/client.ts": "44a9f9fd6dc7eb8ab3c57dab3f550ef5ec53142c5df16ab5501da8e3ea62dcff",
    "https://deno.land/x/grammy@v1.36.3/core/error.ts": "5245f18f273da6be364f525090c24d2e9a282c180904f674f66946f2b2556247",
    "https://deno.land/x/grammy@v1.36.3/core/payload.ts": "420e17c3c2830b5576ea187cfce77578fe09f1204b25c25ea2f220ca7c86e73b",
    "https://deno.land/x/grammy@v1.36.3/filter.ts": "a7e73097a2e569091a1eff0ea72fab71791bf21a2476290f114bd28668263f3e",
    "https://deno.land/x/grammy@v1.36.3/mod.ts": "a973e356760eed1b58bc89280e6eb41bbdf74035f6348c08d6cebf50da1dac34",
    "https://deno.land/x/grammy@v1.36.3/platform.deno.ts": "68272a7e1d9a2d74d8a45342526485dbc0531dee812f675d7f8a4e7fc8393028",
    "https://deno.land/x/grammy@v1.36.3/types.deno.ts": "bbb8cea790ea93e5338c3575d277200f8506ac28d5d06d541c4b1cd8306f9e29",
    "https://deno.land/x/grammy@v1.36.3/types.ts": "729415590dfa188dbe924dea614dff4e976babdbabb28a307b869fc25777cdf0",
    "https://deno.land/x/grammy_hydrate@v1.4.1/data/callback-query.ts": "4e1d2be351c50dd7e252a99de02eb89af0e4ed85db4b8325afbc07e2afc54904",
    "https://deno.land/x/grammy_hydrate@v1.4.1/data/chat-join-request.ts": "d9f7ad9bfe44f3bba7355a9c0816b85f4d585a3f714a10eb443901f3afe8420d",
    "https://deno.land/x/grammy_hydrate@v1.4.1/data/chat.ts": "751f1e03a4a3d16c09e73b3362f19589ff227482d36b01469fa89db49ba9e5c5",
    "https://deno.land/x/grammy_hydrate@v1.4.1/data/chosen-inline-result.ts": "f23b32d88052dc2923ce267bfcb6306b36aeade5a358950e21fd2fc9590bd90b",
    "https://deno.land/x/grammy_hydrate@v1.4.1/data/inline-message.ts": "46b3a1e74d8f83238fa8a624f1462c754d7498265b02d24870107acba59e8f25",
    "https://deno.land/x/grammy_hydrate@v1.4.1/data/inline-query.ts": "2a9a611512f9e84320cc24f7403c06b81282c2acec4375d2d05dd618e1eb4754",
    "https://deno.land/x/grammy_hydrate@v1.4.1/data/message.ts": "834a8f91f9e6b46872a0200f903cf7038aac3796e8d8e3f440eac4df2f664974",
    "https://deno.land/x/grammy_hydrate@v1.4.1/data/pre-checkout-query.ts": "8e74690cb4e8ccab7c717accb29e17a49b11f732f2090c98473dd6b825296e80",
    "https://deno.land/x/grammy_hydrate@v1.4.1/data/shipping-query.ts": "f662d50772e649f71635cf7d748a16c6b60772d600eb18f4d763aa4618b66d40",
    "https://deno.land/x/grammy_hydrate@v1.4.1/data/update.ts": "dfc8cebf913a418a4af3a67b77e40322638fae6070db5b9bef97a75684c70d92",
    "https://deno.land/x/grammy_hydrate@v1.4.1/data/user.ts": "7b09ef33153a25afd984dc0d0ef997dfd8028cde087f3945efdc4703054fdfe7",
    "https://deno.land/x/grammy_hydrate@v1.4.1/deps.deno.ts": "4705318c941223fa22fbb45f220de82fd14d4207b6df38a97c57fa7b3e7575b0",
    "https://deno.land/x/grammy_hydrate@v1.4.1/mod.ts": "379c5f64594cd879653cdce715c318b3eed29ab26e071f356b9b61f9e3943bc3",
    "https://deno.land/x/grammy_hydrate@v1.4.1/plugin.ts": "217351b246ed1e6b3073d54d21a5044392e83677876ec988dc8749be33f730ca",
    "https://deno.land/x/grammy_router@v2.0.0/deps.deno.ts": "e4feddd161c8f3fa0ee28bda59d73f040c56f8fe1f7bf1d9fc458294fbfa5d48",
    "https://deno.land/x/grammy_router@v2.0.0/mod.ts": "6f01b98c45855a062c90e2bc5310058a60dbfb51bded43598ca017e6cc377189",
    "https://deno.land/x/grammy_router@v2.0.0/router.ts": "e298fe22f051e2905b60c6199eec278010ed927b0896232bfcdcdf09e619fa62",
    "https://deno.land/x/grammy_types@v3.20.0/api.ts": "ae04d6628e3d25ae805bc07a19475065044fc44cde0a40877405bc3544d03a5f",
    "https://deno.land/x/grammy_types@v3.20.0/inline.ts": "9afd0340eafd22acb163f2f680d58b85719f0edc92dffa4d259fc5232e543d23",
    "https://deno.land/x/grammy_types@v3.20.0/langs.ts": "5f5fd09c58ba3ae942dd7cea2696f95587d2032c1829bba4bca81762b7ef73b6",
    "https://deno.land/x/grammy_types@v3.20.0/manage.ts": "c02480bbba003bc66dbc30bd0d1edf837b09ad9ee459ef82afd8d3492caac0da",
    "https://deno.land/x/grammy_types@v3.20.0/markup.ts": "b989e0712f9731c59e6cb308371b1722d823dd55de3d6bcaf3e4ed645a42e1f9",
    "https://deno.land/x/grammy_types@v3.20.0/message.ts": "243968db23afa31e0a390d46b58489ca182fac10e81aa05c859f6a4b3a66fe13",
    "https://deno.land/x/grammy_types@v3.20.0/methods.ts": "2d9e398a9ef09dff6633caaa23b5a89375340f083e046f7f3be7ce6179cca38b",
    "https://deno.land/x/grammy_types@v3.20.0/mod.ts": "2a22dc7cd29c2739647c22cec00d5d4e2f49ba1c61bcaf70b4206a14bce29799",
    "https://deno.land/x/grammy_types@v3.20.0/passport.ts": "19820e7d6c279521f8bc8912d6a378239f73d4ab525453808994b5f44ef95215",
    "https://deno.land/x/grammy_types@v3.20.0/payment.ts": "8f016ffe46221c80d9d1a1b30848d8ccc10548f0ec281c9d3312b598cb0c2a4d",
    "https://deno.land/x/grammy_types@v3.20.0/settings.ts": "f8ff810da6f1007ed24cd504809bf46820229c395ff9bfc3e5c8ceaef5b2aae1",
    "https://deno.land/x/grammy_types@v3.20.0/story.ts": "f558c6e6054a43fa1403c2376f7c0b51e2138f4e0d13f0f6e870ffd1cd085ae2",
    "https://deno.land/x/grammy_types@v3.20.0/update.ts": "71cc0d5ec860149b71415ba03282b1d7edd0466b36e2789521a3b3a3d7796493",
    "https://deno.land/x/importmap@0.2.1/_util.ts": "ada9a9618b537e6c0316c048a898352396c882b9f2de38aba18fd3f2950ede89",
    "https://deno.land/x/importmap@0.2.1/mod.ts": "ae3d1cd7eabd18c01a4960d57db471126b020f23b37ef14e1359bbb949227ade"
  },
  "workspace": {
    "dependencies": [
      "jsr:@b-fuze/deno-dom@0.1.49",
      "jsr:@luca/esbuild-deno-loader@0.11.1",
      "jsr:@std/assert@1.0.13",
      "jsr:@std/cli@1.0.20",
      "jsr:@std/collections@1.1.2",
      "jsr:@std/crypto@1.0.5",
      "jsr:@std/dotenv@0.225.5",
      "jsr:@std/encoding@1.0.10",
      "jsr:@std/fmt@1.0.8",
      "jsr:@std/fs@1.0.19",
      "jsr:@std/http@1.0.19",
      "jsr:@std/media-types@1.1.0",
      "jsr:@std/path@1.1.1",
      "jsr:@std/random@0.1.2",
      "jsr:@std/streams@1.0.10",
      "jsr:@std/testing@1.0.14",
      "npm:@octokit/core@7.0.2",
      "npm:@types/react-dom@^19.1.6",
      "npm:@types/react@^19.1.8",
      "npm:esbuild@0.25.5",
      "npm:iteretijs@0.2.3",
      "npm:openapi-typescript-fetch@2.2.1",
      "npm:openapi-typescript@7.8.0",
      "npm:react-dom@19.1.0",
      "npm:react@19.1.0",
      "npm:typescript@5.8.3",
      "npm:zod@3.25.74"
    ]
  }
}
