{
  "version": "5",
  "specifiers": {
    "jsr:@b-fuze/deno-dom@0.1.56": "0.1.56",
    "jsr:@denosaurs/plug@1.1.0": "1.1.0",
    "jsr:@luca/esbuild-deno-loader@0.11.1": "0.11.1",
    "jsr:@std/assert@1.0.19": "1.0.19",
    "jsr:@std/async@^1.4.0": "1.4.0",
    "jsr:@std/bytes@^1.0.2": "1.0.6",
    "jsr:@std/bytes@^1.0.6": "1.0.6",
    "jsr:@std/cli@1.0.30": "1.0.30",
    "jsr:@std/cli@^1.0.30": "1.0.30",
    "jsr:@std/collections@1.2.0": "1.2.0",
    "jsr:@std/crypto@1.1.0": "1.1.0",
    "jsr:@std/data-structures@^1.1.0": "1.1.0",
    "jsr:@std/dotenv@0.225.7": "0.225.7",
    "jsr:@std/encoding@1": "1.0.10",
    "jsr:@std/encoding@1.0.10": "1.0.10",
    "jsr:@std/encoding@^1.0.10": "1.0.10",
    "jsr:@std/encoding@^1.0.5": "1.0.10",
    "jsr:@std/fmt@1": "1.0.10",
    "jsr:@std/fmt@1.0.10": "1.0.10",
    "jsr:@std/fmt@^1.0.10": "1.0.10",
    "jsr:@std/fmt@^1.0.5": "1.0.10",
    "jsr:@std/fs@1": "1.0.24",
    "jsr:@std/fs@1.0.24": "1.0.24",
    "jsr:@std/fs@^1.0.11": "1.0.24",
    "jsr:@std/fs@^1.0.24": "1.0.24",
    "jsr:@std/html@^1.0.7": "1.0.7",
    "jsr:@std/http@1.1.1": "1.1.1",
    "jsr:@std/internal@^1.0.10": "1.0.14",
    "jsr:@std/internal@^1.0.12": "1.0.14",
    "jsr:@std/internal@^1.0.14": "1.0.14",
    "jsr:@std/io@~0.225.2": "0.225.3",
    "jsr:@std/log@~0.224.14": "0.224.14",
    "jsr:@std/media-types@1.1.0": "1.1.0",
    "jsr:@std/media-types@^1.1.0": "1.1.0",
    "jsr:@std/net@^1.0.6": "1.0.6",
    "jsr:@std/path@1": "1.1.5",
    "jsr:@std/path@1.1.2": "1.1.2",
    "jsr:@std/path@1.1.5": "1.1.5",
    "jsr:@std/path@^1.0.6": "1.1.5",
    "jsr:@std/path@^1.1.5": "1.1.5",
    "jsr:@std/random@0.1.5": "0.1.5",
    "jsr:@std/streams@1.1.1": "1.1.1",
    "jsr:@std/streams@^1.1.1": "1.1.1",
    "npm:@hey-api/openapi-ts@~0.98.2": "0.98.2_typescript@6.0.3",
    "npm:@inquirer/prompts@^8.5.2": "8.7.0",
    "npm:@octokit/core@7.0.6": "7.0.6",
    "npm:@types/react-dom@^19.2.3": "19.2.3_@types+react@19.2.17",
    "npm:@types/react@^19.2.17": "19.2.17",
    "npm:commander@15": "15.0.0",
    "npm:iteretijs@0.2.3": "0.2.3",
    "npm:react-dom@^19.2.7": "19.2.7_react@19.2.7",
    "npm:react@^19.2.7": "19.2.7",
    "npm:telegraf-middleware-console-time@3": "3.0.0",
    "npm:typescript@^6.0.3": "6.0.3",
    "npm:zod@^4.4.3": "4.4.3"
  },
  "jsr": {
    "@b-fuze/deno-dom@0.1.56": {
      "integrity": "8030e2dc1d8750f1682b53462ab893d9c3470f2287feecbe22f44a88c54ab148",
      "dependencies": [
        "jsr:@denosaurs/plug"
      ]
    },
    "@denosaurs/plug@1.1.0": {
      "integrity": "eb2f0b7546c7bca2000d8b0282c54d50d91cf6d75cb26a80df25a6de8c4bc044",
      "dependencies": [
        "jsr:@std/encoding@1",
        "jsr:@std/fmt@1",
        "jsr:@std/fs@1",
        "jsr:@std/path@1"
      ]
    },
    "@luca/esbuild-deno-loader@0.11.1": {
      "integrity": "dc020d16d75b591f679f6b9288b10f38bdb4f24345edb2f5732affa1d9885267",
      "dependencies": [
        "jsr:@std/bytes@^1.0.2",
        "jsr:@std/encoding@^1.0.5",
        "jsr:@std/path@^1.0.6"
      ]
    },
    "@std/assert@1.0.19": {
      "integrity": "eaada96ee120cb980bc47e040f82814d786fe8162ecc53c91d8df60b8755991e",
      "dependencies": [
        "jsr:@std/internal@^1.0.12"
      ]
    },
    "@std/async@1.4.0": {
      "integrity": "4d70b008634f571cff9b554090d628c76141c32613aae0ff283fd5fa23d0c379",
      "dependencies": [
        "jsr:@std/data-structures"
      ]
    },
    "@std/bytes@1.0.6": {
      "integrity": "f6ac6adbd8ccd99314045f5703e23af0a68d7f7e58364b47d2c7f408aeb5820a"
    },
    "@std/cli@1.0.30": {
      "integrity": "769446536522d0417d7127ebcabcafac1ab0ce6766d0eb3fca1d36326fe98d13",
      "dependencies": [
        "jsr:@std/fmt@^1.0.10",
        "jsr:@std/internal@^1.0.14"
      ]
    },
    "@std/collections@1.2.0": {
      "integrity": "47627a21d3a13138b77fd0e4d790ba9d2e603c3510b686cde6b132fe9aa98a88"
    },
    "@std/crypto@1.1.0": {
      "integrity": "b8d6d0a6377a32b213af2661ed7bf1062d94feac0c57def5526a8e74a95c3ec8"
    },
    "@std/data-structures@1.1.0": {
      "integrity": "c35ae4ad5d8e41a38573c2fe3e19b18ea2505f63cfea201edcb8720aca1f7f58"
    },
    "@std/dotenv@0.225.7": {
      "integrity": "11d8db03ca4ad5aba9eba809f2e8058b2a4f320b7b09fea4b360e162928329e3"
    },
    "@std/encoding@1.0.10": {
      "integrity": "8783c6384a2d13abd5e9e87a7ae0520a30e9f56aeeaa3bdf910a3eaaf5c811a1"
    },
    "@std/fmt@1.0.10": {
      "integrity": "90dfba288802ac6de82fb31d0917eb9e4450b9925b954d5e51fc29ac07419db5"
    },
    "@std/fs@1.0.24": {
      "integrity": "f3061b45b81673a2bece689da041df32d174be064c89eb6397fb5718d3fb7877",
      "dependencies": [
        "jsr:@std/internal@^1.0.14",
        "jsr:@std/path@^1.1.5"
      ]
    },
    "@std/html@1.0.7": {
      "integrity": "175c818905a6e75743c69c251395e273d82698e58cfe7dd76268d70e28b8d8fe"
    },
    "@std/http@1.1.1": {
      "integrity": "e343a9a80aea07c716b91be5c79df764144430ad2dd7c9121ed7443f08dc74f7",
      "dependencies": [
        "jsr:@std/cli@^1.0.30",
        "jsr:@std/encoding@^1.0.10",
        "jsr:@std/fmt@^1.0.10",
        "jsr:@std/fs@^1.0.24",
        "jsr:@std/html",
        "jsr:@std/media-types@^1.1.0",
        "jsr:@std/net",
        "jsr:@std/path@^1.1.5",
        "jsr:@std/streams@^1.1.1"
      ]
    },
    "@std/internal@1.0.14": {
      "integrity": "291516b3d4c35024d6ffbc0a9df5bf4c64116e05b50012cf846710152d2ffdf7"
    },
    "@std/io@0.225.3": {
      "integrity": "27b07b591384d12d7b568f39e61dff966b8230559122df1e9fd11cc068f7ddd1"
    },
    "@std/log@0.224.14": {
      "integrity": "257f7adceee3b53bb2bc86c7242e7d1bc59729e57d4981c4a7e5b876c808f05e",
      "dependencies": [
        "jsr:@std/fmt@^1.0.5",
        "jsr:@std/fs@^1.0.11",
        "jsr:@std/io"
      ]
    },
    "@std/media-types@1.1.0": {
      "integrity": "c9d093f0c05c3512932b330e3cc1fe1d627b301db33a4c2c2185c02471d6eaa4"
    },
    "@std/net@1.0.6": {
      "integrity": "110735f93e95bb9feb95790a8b1d1bf69ec0dc74f3f97a00a76ea5efea25500c"
    },
    "@std/path@1.1.2": {
      "integrity": "c0b13b97dfe06546d5e16bf3966b1cadf92e1cc83e56ba5476ad8b498d9e3038",
      "dependencies": [
        "jsr:@std/internal@^1.0.10"
      ]
    },
    "@std/path@1.1.5": {
      "integrity": "ccea00982ea28c36becaf6e62f855406c76a8c32d462f66f415bbb7d83a271bc",
      "dependencies": [
        "jsr:@std/internal@^1.0.14"
      ]
    },
    "@std/random@0.1.5": {
      "integrity": "d26614c4f6c441afc22397a1c5b8f27d02ab8f5572f1d29e7b0cd57f3d548235"
    },
    "@std/streams@1.1.1": {
      "integrity": "92556d350e537e9dce527a6d08f6f15be3ff65e656079dea69d15252187c7613",
      "dependencies": [
        "jsr:@std/bytes@^1.0.6"
      ]
    }
  },
  "npm": {
    "@hey-api/codegen-core@0.9.0": {
      "integrity": "sha512-OK9/R8WuujwgvnrDIPnEiIf6WnfUOi3GaEr6kIngqoI5FUQwYbeDKHE/frTVUl2A76ZQPCrMknHtPx6Gqtwf8Q==",
      "dependencies": [
        "@hey-api/types",
        "ansi-colors",
        "c12",
        "color-support"
      ]
    },
    "@hey-api/json-schema-ref-parser@1.4.3": {
      "integrity": "sha512-UzGSDzh3QUhrnwl4atnHc2YqDO6KemYVEOwl1Ynowm/tcr0XlpdHOpyWr5UaWIJfiXTXdYRIC9k2Yxm19pcPzQ==",
      "dependencies": [
        "@jsdevtools/ono",
        "@types/json-schema",
        "js-yaml"
      ]
    },
    "@hey-api/openapi-ts@0.98.2_typescript@6.0.3": {
      "integrity": "sha512-2nVJXH8tpFPGTBOhxyjEd1Jw0hsRqJqeTQW3kltAjVdSU4YWxeu97x5sgNOmsbsfeg6Dqz7Wfzs26walBOuswA==",
      "dependencies": [
        "@hey-api/codegen-core",
        "@hey-api/json-schema-ref-parser",
        "@hey-api/shared",
        "@hey-api/spec-types",
        "@hey-api/types",
        "@lukeed/ms",
        "ansi-colors",
        "color-support",
        "commander",
        "get-tsconfig",
        "typescript"
      ],
      "bin": true
    },
    "@hey-api/shared@0.4.8": {
      "integrity": "sha512-29Pg2FB0UW20pplYgcfiQn1hQYpbZ9D2gdDJc7nDK3xh3pvHOTGP0v3R2ueFpFnw9GN1SRhIdhiVuAYWMDimjA==",
      "dependencies": [
        "@hey-api/codegen-core",
        "@hey-api/json-schema-ref-parser",
        "@hey-api/spec-types",
        "@hey-api/types",
        "ansi-colors",
        "cross-spawn",
        "open",
        "semver"
      ]
    },
    "@hey-api/spec-types@0.2.0": {
      "integrity": "sha512-ibQ8Is7evMavzr8GNyJCcTg975d8DpaMUyLmOrQ85UBdy1l6t1KuRAwgChAbesJsIlNV6gjmlXruWyegDX18Fg==",
      "dependencies": [
        "@hey-api/types"
      ]
    },
    "@hey-api/types@0.1.4": {
      "integrity": "sha512-thWfawrDIP7wSI9ioT13I5soaaqB5vAPIiZmgD8PbeEVKNrkonc0N/Sjj97ezl7oQgusZmaNphGdMKipPO6IBg=="
    },
    "@inquirer/ansi@2.0.7": {
      "integrity": "sha512-3eTuUO1vH2cZm2ZKHeQxnOqlTi9EfZDGgIe3BL3I4u+rJHocr9Fz86M4fjYABPvFnQG/gGK551HqDiIcETwU6Q=="
    },
    "@inquirer/checkbox@5.2.3": {
      "integrity": "sha512-XEYX2WA8SBkLPczL6/yXPHLPCvDoptmh9v56Cy05BSV1Smk1vWy19bTC4qJBuIffw7+6l4CcaYYzGqG60RfW1g==",
      "dependencies": [
        "@inquirer/ansi",
        "@inquirer/core",
        "@inquirer/figures",
        "@inquirer/type"
      ]
    },
    "@inquirer/confirm@6.3.0": {
      "integrity": "sha512-pZHXJImFtERmSNMBHcjwuz8Ck5vEFEYNUZnwbb8aJpjHv/TwGuFErNxF2Hp8+V+pNJs2EYPMlyWscvFEqO9jOQ==",
      "dependencies": [
        "@inquirer/core",
        "@inquirer/type"
      ]
    },
    "@inquirer/core@12.0.1": {
      "integrity": "sha512-JMD5Jy/ScL5TZE18m83Nw25HjqGFLoWXwnEkW7IdwwAhZpB9Bus55/WU7zn3UqR1MOCjjTQOIYpiD4vjWA3LPw==",
      "dependencies": [
        "@inquirer/ansi",
        "@inquirer/figures",
        "@inquirer/type",
        "cli-width",
        "fast-wrap-ansi",
        "mute-stream",
        "signal-exit"
      ]
    },
    "@inquirer/editor@5.3.1": {
      "integrity": "sha512-y43COoyVUjPWIobn2Qep/uI1drPS78aaZZZ9kVi94Tyu/GuW2N8d8Q4rifJXGAXCEAXCPTTMjD8gC1HyvM5ukA==",
      "dependencies": [
        "@inquirer/core",
        "@inquirer/external-editor",
        "@inquirer/type"
      ]
    },
    "@inquirer/expand@5.1.3": {
      "integrity": "sha512-3NQJiXNJ/aj9wiAsr7pECdp5Qe9J0X9YUJCKsaFXS+ddOxfL6J4AIl3w3T4Gq3kK0WsQY5GMoDokK5X94m6lHw==",
      "dependencies": [
        "@inquirer/core",
        "@inquirer/type"
      ]
    },
    "@inquirer/external-editor@3.0.4": {
      "integrity": "sha512-tZbbaK2ovq6vlrRBNQvjrypmrED/p5x2ncIHQ79cD55tei3dD96v5glMMA+6tiq7K104i/25DVYKWVPJuV6ptA==",
      "dependencies": [
        "chardet",
        "iconv-lite"
      ]
    },
    "@inquirer/figures@2.0.8": {
      "integrity": "sha512-tApbon79GM9ry56ja/Ud3SY2CL4TQsao9fIwDQbgTeNY55025GdMzQ2+UdegV/lx51VNGUB59M0v0nMpybYY4Q=="
    },
    "@inquirer/input@5.1.4": {
      "integrity": "sha512-3xQkQrOvgOzpSN2ciTVdRDlg1FWMCA8l+0KfB6SNlILoTCGzJTzO/gc0Rwjcb3usuGyKdaGtI6OiyMdeMeLWkg==",
      "dependencies": [
        "@inquirer/core",
        "@inquirer/type"
      ]
    },
    "@inquirer/number@4.2.1": {
      "integrity": "sha512-5KaqwZNLRpUuWcoCrYghPP9TMaXL5v2Sk4xqePM7RCVegcJStoXdWibio60YIC1bec+z1fCyb67N6XPJIkZtGA==",
      "dependencies": [
        "@inquirer/core",
        "@inquirer/type"
      ]
    },
    "@inquirer/password@5.2.0": {
      "integrity": "sha512-CvVcW09emkBESEOW+4R8CjLNkP3fB3XrjeL8CDvfpjgrJN+V9oerXmJAXXM3l+4xqYPD5Yaujzy/Ph0PLOdDuA==",
      "dependencies": [
        "@inquirer/ansi",
        "@inquirer/core",
        "@inquirer/type"
      ]
    },
    "@inquirer/prompts@8.7.0": {
      "integrity": "sha512-yQwBMYvpJ6jqrXtKiOwRD5XezjJoyt3VQvIyjsr5Arqb519nfIohOQymWVJ8/vEgg8xtZerrCsqlSaqt/LPC9A==",
      "dependencies": [
        "@inquirer/checkbox",
        "@inquirer/confirm",
        "@inquirer/editor",
        "@inquirer/expand",
        "@inquirer/input",
        "@inquirer/number",
        "@inquirer/password",
        "@inquirer/rawlist",
        "@inquirer/search",
        "@inquirer/select"
      ]
    },
    "@inquirer/rawlist@5.3.3": {
      "integrity": "sha512-Mu7WrtmDLaXBDEyrRLS70SZgX9ZSm4Up1w0ZxiH8C1OOp9oaVCn2k8q3QGgmlnhsKYUhuaU3zFWhAP6wxkVIMA==",
      "dependencies": [
        "@inquirer/core",
        "@inquirer/type"
      ]
    },
    "@inquirer/search@4.3.1": {
      "integrity": "sha512-0VWOvsHWI0rPj6CG70MoP4oXNCB6adcyN8bVFZXnh11eLDdPIK2f2XCmva78acPPDfJisfab7qNakwBh7hdBXw==",
      "dependencies": [
        "@inquirer/core",
        "@inquirer/figures",
        "@inquirer/type"
      ]
    },
    "@inquirer/select@5.2.3": {
      "integrity": "sha512-KuRTodDa6xBXX2noIpjuitpX/QT7Sfav7dIZ/OfUY54Hxg95nrGoshSzxx6Ey7qqLbImKdiGkSDt7KjPXjQgmA==",
      "dependencies": [
        "@inquirer/ansi",
        "@inquirer/core",
        "@inquirer/figures",
        "@inquirer/type"
      ]
    },
    "@inquirer/type@4.1.0": {
      "integrity": "sha512-FMiJpuHUG3Dk0ex+UIXkre7i+i4OcwHWk9YdcVtZHFwb/r2rnrU2ipTCNAB7A+QOP0ryzIcqOfy76fRyyvOEAw=="
    },
    "@jsdevtools/ono@7.1.3": {
      "integrity": "sha512-4JQNk+3mVzK3xh2rqd6RB4J46qUR19azEHBneZyTZM+c456qOrbbM/5xcR8huNCCcbVt7+UmizG6GuUvPvKUYg=="
    },
    "@lukeed/ms@2.0.2": {
      "integrity": "sha512-9I2Zn6+NJLfaGoz9jN3lpwDgAYvfGeNYdbAIjJOqzs4Tpc+VU3Jqq4IofSUBKajiDS8k9fZIg18/z13mpk1bsA=="
    },
    "@octokit/auth-token@6.0.0": {
      "integrity": "sha512-P4YJBPdPSpWTQ1NU4XYdvHvXJJDxM6YwpS0FZHRgP7YFkdVxsWcpWGy/NVqlAA7PcPCnMacXlRm1y2PFZRWL/w=="
    },
    "@octokit/core@7.0.6": {
      "integrity": "sha512-DhGl4xMVFGVIyMwswXeyzdL4uXD5OGILGX5N8Y+f6W7LhC1Ze2poSNrkF/fedpVDHEEZ+PHFW0vL14I+mm8K3Q==",
      "dependencies": [
        "@octokit/auth-token",
        "@octokit/graphql",
        "@octokit/request",
        "@octokit/request-error",
        "@octokit/types",
        "before-after-hook",
        "universal-user-agent"
      ]
    },
    "@octokit/endpoint@11.0.3": {
      "integrity": "sha512-FWFlNxghg4HrXkD3ifYbS/IdL/mDHjh9QcsNyhQjN8dplUoZbejsdpmuqdA76nxj2xoWPs7p8uX2SNr9rYu0Ag==",
      "dependencies": [
        "@octokit/types",
        "universal-user-agent"
      ]
    },
    "@octokit/graphql@9.0.3": {
      "integrity": "sha512-grAEuupr/C1rALFnXTv6ZQhFuL1D8G5y8CN04RgrO4FIPMrtm+mcZzFG7dcBm+nq+1ppNixu+Jd78aeJOYxlGA==",
      "dependencies": [
        "@octokit/request",
        "@octokit/types",
        "universal-user-agent"
      ]
    },
    "@octokit/openapi-types@27.0.0": {
      "integrity": "sha512-whrdktVs1h6gtR+09+QsNk2+FO+49j6ga1c55YZudfEG+oKJVvJLQi3zkOm5JjiUXAagWK2tI2kTGKJ2Ys7MGA=="
    },
    "@octokit/request-error@7.1.0": {
      "integrity": "sha512-KMQIfq5sOPpkQYajXHwnhjCC0slzCNScLHs9JafXc4RAJI+9f+jNDlBNaIMTvazOPLgb4BnlhGJOTbnN0wIjPw==",
      "dependencies": [
        "@octokit/types"
      ]
    },
    "@octokit/request@10.0.10": {
      "integrity": "sha512-KxNC2pTqqhszMNrf12ZRd4PonRgyJdsM4F/jySiddQK+DsRcfBtUvqn8t7UsyZhnRJHvX46OohDt5N3VqIWC2w==",
      "dependencies": [
        "@octokit/endpoint",
        "@octokit/request-error",
        "@octokit/types",
        "content-type",
        "json-with-bigint",
        "universal-user-agent"
      ]
    },
    "@octokit/types@16.0.0": {
      "integrity": "sha512-sKq+9r1Mm4efXW1FCk7hFSeJo4QKreL/tTbR0rz/qx/r1Oa2VV83LTA/H/MuCOX7uCIJmQVRKBcbmWoySjAnSg==",
      "dependencies": [
        "@octokit/openapi-types"
      ]
    },
    "@types/json-schema@7.0.15": {
      "integrity": "sha512-5+fP8P8MFNC+AyZCDxrB2pkZFPGzqQWUzpSeuuVLvm8VMcorNYavBqoFcxK8bQz4Qsbn4oUEEem4wDLfcysGHA=="
    },
    "@types/react-dom@19.2.3_@types+react@19.2.17": {
      "integrity": "sha512-jp2L/eY6fn+KgVVQAOqYItbF0VY/YApe5Mz2F0aykSO8gx31bYCZyvSeYxCHKvzHG5eZjc+zyaS5BrBWya2+kQ==",
      "dependencies": [
        "@types/react"
      ]
    },
    "@types/react@19.2.17": {
      "integrity": "sha512-MXfmqaVPEVgkBT/aY0aGCkRWWtByiYQXo3xdQ8r5RzuFrPiRn8Gar2tQdXSUQ2GKV3bkXckek89V8wQBY2Q/Aw==",
      "dependencies": [
        "csstype"
      ]
    },
    "ansi-colors@4.1.3": {
      "integrity": "sha512-/6w/C21Pm1A7aZitlI5Ni/2J6FFQN8i1Cvz3kHABAAbw93v/NlvKdVOqz7CCWz/3iv/JplRSEEZ83XION15ovw=="
    },
    "argparse@2.0.1": {
      "integrity": "sha512-8+9WqebbFzpX9OR+Wa6O29asIogeRMzcGtAINdpMHHyAg10f05aSFVBbcEqGf/PXw1EjAZ+q2/bEBg3DvurK3Q=="
    },
    "before-after-hook@4.0.0": {
      "integrity": "sha512-q6tR3RPqIB1pMiTRMFcZwuG5T8vwp+vUvEG0vuI6B+Rikh5BfPp2fQ82c925FOs+b0lcFQ8CFrL+KbilfZFhOQ=="
    },
    "bundle-name@4.1.0": {
      "integrity": "sha512-tjwM5exMg6BGRI+kNmTntNsvdZS1X8BFYS6tnJ2hdH0kVxM6/eVZ2xy+FqStSWvYmtfFMDLIxurorHwDKfDz5Q==",
      "dependencies": [
        "run-applescript"
      ]
    },
    "c12@3.3.4": {
      "integrity": "sha512-cM0ApFQSBXuourJejzwv/AuPRvAxordTyParRVcHjjtXirtkzM0uK2L9TTn9s0cXZbG7E55jCivRQzoxYmRAlA==",
      "dependencies": [
        "chokidar",
        "confbox",
        "defu",
        "dotenv",
        "exsolve",
        "giget",
        "jiti",
        "ohash",
        "pathe",
        "perfect-debounce",
        "pkg-types",
        "rc9"
      ]
    },
    "chardet@2.2.0": {
      "integrity": "sha512-rddelWYNPRrXq6PtNEN2S3f6t9ILzvqaN5pVgi4kqt9jHQaXIial9PznB5iSPVlQSLNaaH22ItWz3EJtQ10+OA=="
    },
    "chokidar@5.0.0": {
      "integrity": "sha512-TQMmc3w+5AxjpL8iIiwebF73dRDF4fBIieAqGn9RGCWaEVwQ6Fb2cGe31Yns0RRIzii5goJ1Y7xbMwo1TxMplw==",
      "dependencies": [
        "readdirp"
      ]
    },
    "cli-width@4.1.0": {
      "integrity": "sha512-ouuZd4/dm2Sw5Gmqy6bGyNNNe1qt9RpmxveLSO7KcgsTnU7RXfsw+/bukWGo1abgBiMAic068rclZsO4IWmmxQ=="
    },
    "color-support@1.1.3": {
      "integrity": "sha512-qiBjkpbMLO/HL68y+lh4q0/O1MZFj2RX6X/KmMa3+gJD3z+WwI1ZzDHysvqHGS3mP6mznPckpXmw1nI9cJjyRg==",
      "bin": true
    },
    "commander@15.0.0": {
      "integrity": "sha512-z67u4ZhzCL/Tydu1lJARtEZYWbWaN7oYLHbsuzocr6y4N6WZAagG3RQ4FW61V1/0+jImpj293XfrcYnd1qxtPg=="
    },
    "confbox@0.2.4": {
      "integrity": "sha512-ysOGlgTFbN2/Y6Cg3Iye8YKulHw+R2fNXHrgSmXISQdMnomY6eNDprVdW9R5xBguEqI954+S6709UyiO7B+6OQ=="
    },
    "content-type@2.0.0": {
      "integrity": "sha512-j/O/d7GcZCyNl7/hwZAb606rzqkyvaDctLmckbxLzHvFBzTJHuGEdodATcP3yIRoDrLHkIATJuvzbFlp/ki2cQ=="
    },
    "cross-spawn@7.0.6": {
      "integrity": "sha512-uV2QOWP2nWzsy2aMp8aRibhi9dlzF5Hgh5SHaB9OiTGEyDTiJJyx0uy51QXdyWbtAHNua4XJzUKca3OzKUd3vA==",
      "dependencies": [
        "path-key",
        "shebang-command",
        "which"
      ]
    },
    "csstype@3.2.3": {
      "integrity": "sha512-z1HGKcYy2xA8AGQfwrn0PAy+PB7X/GSj3UVJW9qKyn43xWa+gl5nXmU4qqLMRzWVLFC8KusUX8T/0kCiOYpAIQ=="
    },
    "default-browser-id@5.0.1": {
      "integrity": "sha512-x1VCxdX4t+8wVfd1so/9w+vQ4vx7lKd2Qp5tDRutErwmR85OgmfX7RlLRMWafRMY7hbEiXIbudNrjOAPa/hL8Q=="
    },
    "default-browser@5.5.0": {
      "integrity": "sha512-H9LMLr5zwIbSxrmvikGuI/5KGhZ8E2zH3stkMgM5LpOWDutGM2JZaj460Udnf1a+946zc7YBgrqEWwbk7zHvGw==",
      "dependencies": [
        "bundle-name",
        "default-browser-id"
      ]
    },
    "define-lazy-prop@3.0.0": {
      "integrity": "sha512-N+MeXYoqr3pOgn8xfyRPREN7gHakLYjhsHhWGT3fWAiL4IkAt0iDw14QiiEm2bE30c5XX5q0FtAA3CK5f9/BUg=="
    },
    "defu@6.1.7": {
      "integrity": "sha512-7z22QmUWiQ/2d0KkdYmANbRUVABpZ9SNYyH5vx6PZ+nE5bcC0l7uFvEfHlyld/HcGBFTL536ClDt3DEcSlEJAQ=="
    },
    "destr@2.0.5": {
      "integrity": "sha512-ugFTXCtDZunbzasqBxrK93Ik/DRYsO6S/fedkWEMKqt04xZ4csmnmwGDBAb07QWNaGMAmnTIemsYZCksjATwsA=="
    },
    "dotenv@17.4.2": {
      "integrity": "sha512-nI4U3TottKAcAD9LLud4Cb7b2QztQMUEfHbvhTH09bqXTxnSie8WnjPALV/WMCrJZ6UV/qHJ6L03OqO3LcdYZw=="
    },
    "exsolve@1.0.8": {
      "integrity": "sha512-LmDxfWXwcTArk8fUEnOfSZpHOJ6zOMUJKOtFLFqJLoKJetuQG874Uc7/Kki7zFLzYybmZhp1M7+98pfMqeX8yA=="
    },
    "fast-string-truncated-width@3.0.3": {
      "integrity": "sha512-0jjjIEL6+0jag3l2XWWizO64/aZVtpiGE3t0Zgqxv0DPuxiMjvB3M24fCyhZUO4KomJQPj3LTSUnDP3GpdwC0g=="
    },
    "fast-string-width@3.0.2": {
      "integrity": "sha512-gX8LrtNEI5hq8DVUfRQMbr5lpaS4nMIWV+7XEbXk2b8kiQIizgnlr12B4dA3ZEx3308ze0O4Q1R+cHts8kyUJg==",
      "dependencies": [
        "fast-string-truncated-width"
      ]
    },
    "fast-wrap-ansi@0.2.2": {
      "integrity": "sha512-7F2Fl+TjRSenLqlU3UjSH0iyqopqoZIu7eZVpEirP2g1GtWa2G/ecEmBdgz31+Mxr+ELclgg6sokpSFIQiZ02Q==",
      "dependencies": [
        "fast-string-width"
      ]
    },
    "get-tsconfig@4.14.0": {
      "integrity": "sha512-yTb+8DXzDREzgvYmh6s9vHsSVCHeC0G3PI5bEXNBHtmshPnO+S5O7qgLEOn0I5QvMy6kpZN8K1NKGyilLb93wA==",
      "dependencies": [
        "resolve-pkg-maps"
      ]
    },
    "giget@3.3.0": {
      "integrity": "sha512-gzi2D96p+AMfDcmJHGDj3KJ9NRiwvlFAU5yfa3ROwWZmFUjX4P43x3BcyRaOMMLto1vUo7C+86+MFhYTl6Ryiw==",
      "bin": true
    },
    "iconv-lite@0.7.3": {
      "integrity": "sha512-IKXpvIzjnC9XTAUbVBcMfGS0EPaIXtW6v+zr+RRp+hqULEpo0owZax6wyRwPOJbWbzjYspQwusTsfVr0ifh4uQ==",
      "dependencies": [
        "safer-buffer"
      ]
    },
    "is-docker@3.0.0": {
      "integrity": "sha512-eljcgEDlEns/7AXFosB5K/2nCM4P7FQPkGc/DWLy5rmFEWvZayGrik1d9/QIY5nJ4f9YsVvBkA6kJpHn9rISdQ==",
      "bin": true
    },
    "is-in-ssh@1.0.0": {
      "integrity": "sha512-jYa6Q9rH90kR1vKB6NM7qqd1mge3Fx4Dhw5TVlK1MUBqhEOuCagrEHMevNuCcbECmXZ0ThXkRm+Ymr51HwEPAw=="
    },
    "is-inside-container@1.0.0": {
      "integrity": "sha512-KIYLCCJghfHZxqjYBE7rEy0OBuTd5xCHS7tHVgvCLkx7StIoaxwNW3hCALgEUjFfeRk+MG/Qxmp/vtETEF3tRA==",
      "dependencies": [
        "is-docker"
      ],
      "bin": true
    },
    "is-wsl@3.1.1": {
      "integrity": "sha512-e6rvdUCiQCAuumZslxRJWR/Doq4VpPR82kqclvcS0efgt430SlGIk05vdCN58+VrzgtIcfNODjozVielycD4Sw==",
      "dependencies": [
        "is-inside-container"
      ]
    },
    "isexe@2.0.0": {
      "integrity": "sha512-RHxMLp9lnKHGHRng9QFhRCMbYAcVpn69smSGcq3f36xjgVVWThj4qqLbTLlq7Ssj8B+fIQ1EuCEGI2lKsyQeIw=="
    },
    "iteretijs@0.2.3": {
      "integrity": "sha512-IDYbushqDuGNfo5Y68h4YaQL8fkPobiz5rr7aX7GMtiz+HLA3UOqaIuWKHXv3tC3h8UYphP/KYIUe7mRo10Y0g=="
    },
    "jiti@2.7.0": {
      "integrity": "sha512-AC/7JofJvZGrrneWNaEnJeOLUx+JlGt7tNa0wZiRPT4MY1wmfKjt2+6O2p2uz2+skll8OZZmJMNqeke7kKbNgQ==",
      "bin": true
    },
    "js-yaml@4.1.1": {
      "integrity": "sha512-qQKT4zQxXl8lLwBtHMWwaTcGfFOZviOJet3Oy/xmGk2gZH677CJM9EvtfdSkgWcATZhj/55JZ0rmy3myCT5lsA==",
      "dependencies": [
        "argparse"
      ],
      "bin": true
    },
    "json-with-bigint@3.5.8": {
      "integrity": "sha512-eq/4KP6K34kwa7TcFdtvnftvHCD9KvHOGGICWwMFc4dOOKF5t4iYqnfLK8otCRCRv06FXOzGGyqE8h8ElMvvdw=="
    },
    "mute-stream@3.0.0": {
      "integrity": "sha512-dkEJPVvun4FryqBmZ5KhDo0K9iDXAwn08tMLDinNdRBNPcYEDiWYysLcc6k3mjTMlbP9KyylvRpd4wFtwrT9rw=="
    },
    "ohash@2.0.11": {
      "integrity": "sha512-RdR9FQrFwNBNXAr4GixM8YaRZRJ5PUWbKYbE5eOsrwAjJW0q2REGcf79oYPsLyskQCZG1PLN+S/K1V00joZAoQ=="
    },
    "open@11.0.0": {
      "integrity": "sha512-smsWv2LzFjP03xmvFoJ331ss6h+jixfA4UUV/Bsiyuu4YJPfN+FIQGOIiv4w9/+MoHkfkJ22UIaQWRVFRfH6Vw==",
      "dependencies": [
        "default-browser",
        "define-lazy-prop",
        "is-in-ssh",
        "is-inside-container",
        "powershell-utils",
        "wsl-utils"
      ]
    },
    "path-key@3.1.1": {
      "integrity": "sha512-ojmeN0qd+y0jszEtoY48r0Peq5dwMEkIlCOu6Q5f41lfkswXuKtYrhgoTpLnyIcHm24Uhqx+5Tqm2InSwLhE6Q=="
    },
    "pathe@2.0.3": {
      "integrity": "sha512-WUjGcAqP1gQacoQe+OBJsFA7Ld4DyXuUIjZ5cc75cLHvJ7dtNsTugphxIADwspS+AraAUePCKrSVtPLFj/F88w=="
    },
    "perfect-debounce@2.1.0": {
      "integrity": "sha512-LjgdTytVFXeUgtHZr9WYViYSM/g8MkcTPYDlPa3cDqMirHjKiSZPYd6DoL7pK8AJQr+uWkQvCjHNdiMqsrJs+g=="
    },
    "pkg-types@2.3.1": {
      "integrity": "sha512-y+ichcgc2LrADuhLNAx8DFjVfgz91pRxfZdI3UDhxHvcVEZsenLO+7XaU5vOp0u/7V/wZ+plyuQxtrDlZJ+yeg==",
      "dependencies": [
        "confbox",
        "exsolve",
        "pathe"
      ]
    },
    "powershell-utils@0.1.0": {
      "integrity": "sha512-dM0jVuXJPsDN6DvRpea484tCUaMiXWjuCn++HGTqUWzGDjv5tZkEZldAJ/UMlqRYGFrD/etByo4/xOuC/snX2A=="
    },
    "rc9@3.0.1": {
      "integrity": "sha512-gMDyleLWVE+i6Sgtc0QbbY6pEKqYs97NGi6isHQPqYlLemPoO8dxQ3uGi0f4NiP98c+jMW6cG1Kx9dDwfvqARQ==",
      "dependencies": [
        "defu",
        "destr"
      ]
    },
    "react-dom@19.2.7_react@19.2.7": {
      "integrity": "sha512-t0BRVXvbiE/o20Hfw669rLbMCDWtYZLvmJigy2f0MxsXF+71pxhR3xOkspmsO8h3ZlNzyibAmtCa3l4lYKk6gQ==",
      "dependencies": [
        "react",
        "scheduler"
      ]
    },
    "react@19.2.7": {
      "integrity": "sha512-HNe9WslTbXmFK8o8cmwgAeJFSBvt1bPdHCVKtaaV+WlAN36mpT4hcRpwbf3fY56ar2oIXzsBpOAiIRHAdY0OlQ=="
    },
    "readdirp@5.0.0": {
      "integrity": "sha512-9u/XQ1pvrQtYyMpZe7DXKv2p5CNvyVwzUB6uhLAnQwHMSgKMBR62lc7AHljaeteeHXn11XTAaLLUVZYVZyuRBQ=="
    },
    "resolve-pkg-maps@1.0.0": {
      "integrity": "sha512-seS2Tj26TBVOC2NIc2rOe2y2ZO7efxITtLZcGSOnHHNOQ7CkiUBfw0Iw2ck6xkIhPwLhKNLS8BO+hEpngQlqzw=="
    },
    "run-applescript@7.1.0": {
      "integrity": "sha512-DPe5pVFaAsinSaV6QjQ6gdiedWDcRCbUuiQfQa2wmWV7+xC9bGulGI8+TdRmoFkAPaBXk8CrAbnlY2ISniJ47Q=="
    },
    "safer-buffer@2.1.2": {
      "integrity": "sha512-YZo3K82SD7Riyi0E1EQPojLz7kpepnSQI9IyPbHHg1XXXevb5dJI7tpyN2ADxGcQbHG7vcyRHk0cbwqcQriUtg=="
    },
    "scheduler@0.27.0": {
      "integrity": "sha512-eNv+WrVbKu1f3vbYJT/xtiF5syA5HPIMtf9IgY/nKg0sWqzAUEvqY/xm7OcZc/qafLx/iO9FgOmeSAp4v5ti/Q=="
    },
    "semver@7.8.2": {
      "integrity": "sha512-c8jsqUZm3omBOI66G90z1Dyw5z622G8oLG+omfsHBJf3CWQTlOcwOjvOG6wtiNfW6anKm/eA39LMwMtMez2TiQ==",
      "bin": true
    },
    "shebang-command@2.0.0": {
      "integrity": "sha512-kHxr2zZpYtdmrN1qDjrrX/Z1rR1kG8Dx+gkpK1G4eXmvXswmcE1hTWBWYUzlraYw1/yZp6YuDY77YtvbN0dmDA==",
      "dependencies": [
        "shebang-regex"
      ]
    },
    "shebang-regex@3.0.0": {
      "integrity": "sha512-7++dFhtcx3353uBaq8DDR4NuxBetBzC7ZQOhmTQInHEd6bSrXdiEyzCvG07Z44UYdLShWUyXt5M/yhz8ekcb1A=="
    },
    "signal-exit@4.1.0": {
      "integrity": "sha512-bzyZ1e88w9O1iNJbKnOlvYTrWPDl46O1bG0D3XInv+9tkPrxrN8jUUTiFlDkkmKWgn1M6CfIA13SuGqOa9Korw=="
    },
    "telegraf-middleware-console-time@3.0.0": {
      "integrity": "sha512-cyXOnbNL1GJQVQ3vPQCV/taw6a5/aRRf+fnqXuLyy/xO8TjSU2VFapr3VZ9tJVUT6Akl/QY4o75AdorMT/R7+Q=="
    },
    "typescript@6.0.3": {
      "integrity": "sha512-y2TvuxSZPDyQakkFRPZHKFm+KKVqIisdg9/CZwm9ftvKXLP8NRWj38/ODjNbr43SsoXqNuAisEf1GdCxqWcdBw==",
      "bin": true
    },
    "universal-user-agent@7.0.3": {
      "integrity": "sha512-TmnEAEAsBJVZM/AADELsK76llnwcf9vMKuPz8JflO1frO8Lchitr0fNaN9d+Ap0BjKtqWqd/J17qeDnXh8CL2A=="
    },
    "which@2.0.2": {
      "integrity": "sha512-BLI3Tl1TW3Pvl70l3yq3Y64i+awpwXqsGBYWkkqMtnbXgrMD+yj7rhW0kuEDxzJaYXGjEW5ogapKNMEKNMjibA==",
      "dependencies": [
        "isexe"
      ],
      "bin": true
    },
    "wsl-utils@0.3.1": {
      "integrity": "sha512-g/eziiSUNBSsdDJtCLB8bdYEUMj4jR7AGeUo96p/3dTafgjHhpF4RiCFPiRILwjQoDXx5MqkBr4fwWtR3Ky4Wg==",
      "dependencies": [
        "is-wsl",
        "powershell-utils"
      ]
    },
    "zod@4.4.3": {
      "integrity": "sha512-ytENFjIJFl2UwYglde2jchW2Hwm4GJFLDiSXWdTrJQBIN9Fcyp7n4DhxJEiWNAJMV1/BqWfW/kkg71UDcHJyTQ=="
    }
  },
  "redirects": {
    "https://lib.deno.dev/x/grammy@v1/mod.ts": "https://deno.land/x/grammy@v1.44.0/mod.ts",
    "https://lib.deno.dev/x/grammy@v1/types.ts": "https://deno.land/x/grammy@v1.44.0/types.ts"
  },
  "remote": {
    "https://cdn.skypack.dev/-/debug@v4.3.4-o4liVvMlOnQWbLSYZMXw/dist=es2019,mode=imports/optimized/debug.js": "671100993996e39b501301a87000607916d4d2d9f8fc8e9c5200ae5ba64a1389",
    "https://cdn.skypack.dev/-/debug@v4.4.3-Brh22weuCvWY3rcSd25Q/dist=es2019,mode=imports/optimized/debug.js": "931098fa073c5244168f500d7eecf16557a6ff58fdefe079384f427b8d0ac915",
    "https://cdn.skypack.dev/-/ms@v2.1.2-giBDZ1IA5lmQ3ZXaa87V/dist=es2019,mode=imports/optimized/ms.js": "fd88e2d51900437011f1ad232f3393ce97db1b87a7844b3c58dd6d65562c1276",
    "https://cdn.skypack.dev/-/ms@v2.1.3-dWyghJmVCt8Lp5D9h2ww/dist=es2019,mode=imports/optimized/ms.js": "fd88e2d51900437011f1ad232f3393ce97db1b87a7844b3c58dd6d65562c1276",
    "https://cdn.skypack.dev/debug@4.3.4": "7b1d010cc930f71b940ba5941da055bc181115229e29de7214bdb4425c68ea76",
    "https://cdn.skypack.dev/debug@4.4.3": "4be25679f8af63e0d2f06afee7f8c1411f1c3144be3d3e96ab31e198e4a6d5cd",
    "https://deno.land/x/grammy@v1.44.0/bot.ts": "7696364947f63bb67eceb082c8db30cac621415a3c1f16ccc2e2f8ede0c4c659",
    "https://deno.land/x/grammy@v1.44.0/composer.ts": "4fcfc5c5b68107c0e0f24a9b00a5f3cf8d4ed0adee964be17005d96782e09562",
    "https://deno.land/x/grammy@v1.44.0/context.ts": "123d199faef177ffc2663f3a01142f26542a36a35d3f81d08c4c089320dd81ea",
    "https://deno.land/x/grammy@v1.44.0/convenience/constants.ts": "fc972813cc017f707958631d7959e95b83968615a941da55d83176dff37519e3",
    "https://deno.land/x/grammy@v1.44.0/convenience/frameworks.ts": "21732d143f24828b93082265f201d40f1af64903ad784cece86e4da1b1e61390",
    "https://deno.land/x/grammy@v1.44.0/convenience/inline_query.ts": "e21ffb02c966e63ac7c3526920ad64a298c618eb587e7bd8b762564fe85b2bdc",
    "https://deno.land/x/grammy@v1.44.0/convenience/input_media.ts": "7af72a5fdb1af0417e31b1327003f536ddfdf64e06ab8bc7f5da6b574de38658",
    "https://deno.land/x/grammy@v1.44.0/convenience/keyboard.ts": "deb8403a6f3d106080651ef6f738490b6bc50713ae3fa5ac0fd50020873c70d0",
    "https://deno.land/x/grammy@v1.44.0/convenience/session.ts": "5e4b976528a0b3d7893645ac23e2e35e78671af578a3aed5efb4b621e7e9b6da",
    "https://deno.land/x/grammy@v1.44.0/convenience/webhook.ts": "ff89a9472a87e47adb343dbb29ead04f668b1f4ca0d9ae47a6bdf29575ace824",
    "https://deno.land/x/grammy@v1.44.0/core/api.ts": "49baf0ca43aa79ae45883d1f6de58f7c3849a9ae7cc2252523745f989c51c297",
    "https://deno.land/x/grammy@v1.44.0/core/client.ts": "81a92be6ab463df72882243c9690d84d46285bd11680e7a0d2e624944a092384",
    "https://deno.land/x/grammy@v1.44.0/core/error.ts": "9fd6695e201dc04a30e1688f65ab08729a1e821236a2322514f1e8763a03ad6e",
    "https://deno.land/x/grammy@v1.44.0/core/payload.ts": "5e27679acca66cbca981e2b77b206da3efe262f69d4638290b3567f514f50a0e",
    "https://deno.land/x/grammy@v1.44.0/filter.ts": "8d6421448f0d0b0bdc9ee1a4b379a9823ebc868d7cac8c6df6d4e291270f925a",
    "https://deno.land/x/grammy@v1.44.0/mod.ts": "a973e356760eed1b58bc89280e6eb41bbdf74035f6348c08d6cebf50da1dac34",
    "https://deno.land/x/grammy@v1.44.0/platform.deno.ts": "bff65a7efb99b4645ad20d7c4041a61b7faf55b14261ee75363d9bd0c6d7ee8a",
    "https://deno.land/x/grammy@v1.44.0/types.deno.ts": "2a19e5a4f745c74fe1c89055d666f958ceec78c9bd429062167c2ac78530fcb4",
    "https://deno.land/x/grammy@v1.44.0/types.ts": "729415590dfa188dbe924dea614dff4e976babdbabb28a307b869fc25777cdf0",
    "https://deno.land/x/grammy_auto_retry@v2.0.2/mod.ts": "5fe6ea6f56f14b79a2b95f451e451f982204f5d026581c512b800125049d174b",
    "https://deno.land/x/grammy_auto_retry@v2.0.2/platform.deno.ts": "3b7177d8046d87ba319f6284d8aa7798e9c22d66fe303a87cbd20937ccca3bd5",
    "https://deno.land/x/grammy_hydrate@v1.7.0/data/callback-query.ts": "4e1d2be351c50dd7e252a99de02eb89af0e4ed85db4b8325afbc07e2afc54904",
    "https://deno.land/x/grammy_hydrate@v1.7.0/data/chat-join-request.ts": "156000d02c7b7e07b36d9d8df412eed9ae2de4a196f728fdf78c306afc48d554",
    "https://deno.land/x/grammy_hydrate@v1.7.0/data/chat.ts": "751f1e03a4a3d16c09e73b3362f19589ff227482d36b01469fa89db49ba9e5c5",
    "https://deno.land/x/grammy_hydrate@v1.7.0/data/chosen-inline-result.ts": "f23b32d88052dc2923ce267bfcb6306b36aeade5a358950e21fd2fc9590bd90b",
    "https://deno.land/x/grammy_hydrate@v1.7.0/data/inline-message.ts": "46b3a1e74d8f83238fa8a624f1462c754d7498265b02d24870107acba59e8f25",
    "https://deno.land/x/grammy_hydrate@v1.7.0/data/inline-query.ts": "2a9a611512f9e84320cc24f7403c06b81282c2acec4375d2d05dd618e1eb4754",
    "https://deno.land/x/grammy_hydrate@v1.7.0/data/message.ts": "43df466fe4d80efb81e329de4a2e2a2b18fac0f2c4206440e9dc1b231aa14f56",
    "https://deno.land/x/grammy_hydrate@v1.7.0/data/pre-checkout-query.ts": "8e74690cb4e8ccab7c717accb29e17a49b11f732f2090c98473dd6b825296e80",
    "https://deno.land/x/grammy_hydrate@v1.7.0/data/shipping-query.ts": "f662d50772e649f71635cf7d748a16c6b60772d600eb18f4d763aa4618b66d40",
    "https://deno.land/x/grammy_hydrate@v1.7.0/data/update.ts": "dfc8cebf913a418a4af3a67b77e40322638fae6070db5b9bef97a75684c70d92",
    "https://deno.land/x/grammy_hydrate@v1.7.0/data/user.ts": "7b09ef33153a25afd984dc0d0ef997dfd8028cde087f3945efdc4703054fdfe7",
    "https://deno.land/x/grammy_hydrate@v1.7.0/deps.deno.ts": "4705318c941223fa22fbb45f220de82fd14d4207b6df38a97c57fa7b3e7575b0",
    "https://deno.land/x/grammy_hydrate@v1.7.0/plugin.ts": "663ca643fa9bec4bf467c66c01a37abbe56da758cae2d5bc940760f4feaa5820",
    "https://deno.land/x/grammy_types@v3.28.0/api.ts": "ae04d6628e3d25ae805bc07a19475065044fc44cde0a40877405bc3544d03a5f",
    "https://deno.land/x/grammy_types@v3.28.0/checklist.ts": "c8f5f0128ca96d8cc4c33b45040ea9436ecf92997d6f5a5e2fa6a85798f465d6",
    "https://deno.land/x/grammy_types@v3.28.0/inline.ts": "b5ae73fa3db37ab0f87cf1c27df3a7dcd8e8f0efc95e5b2e8f691f0ffe31dd0a",
    "https://deno.land/x/grammy_types@v3.28.0/langs.ts": "5f5fd09c58ba3ae942dd7cea2696f95587d2032c1829bba4bca81762b7ef73b6",
    "https://deno.land/x/grammy_types@v3.28.0/manage.ts": "94b995379c24a24de7f6c895c315343f82e3801d53daad7ba977eb4aa9557432",
    "https://deno.land/x/grammy_types@v3.28.0/markup.ts": "01d82b84f6fe338e55f44348debd9e054478058e1e3f59d65d5c2b752ac136b7",
    "https://deno.land/x/grammy_types@v3.28.0/message.ts": "2f4570b88a544f0d804e35b2ac90ab1a844aa51f108d149b35dd347e2ca18fb8",
    "https://deno.land/x/grammy_types@v3.28.0/methods.ts": "c9baafbe81566dcb3f3c965ad8e6fb1a274b8656560b449056edf4b3749a6e44",
    "https://deno.land/x/grammy_types@v3.28.0/mod.ts": "dc2efbffd0800e84439085bf2ccb8ea0b749140dd4d9061d475f76525efa788f",
    "https://deno.land/x/grammy_types@v3.28.0/passport.ts": "19820e7d6c279521f8bc8912d6a378239f73d4ab525453808994b5f44ef95215",
    "https://deno.land/x/grammy_types@v3.28.0/payment.ts": "5a7b33fefa5772b2c6d6b3e2fa7043d0483e40b6880698c788d8f82e8b7b6662",
    "https://deno.land/x/grammy_types@v3.28.0/rich.ts": "19c8aac012f52ef4c367546f145d17b26912642dd8360d280a1fc1d32611e2d6",
    "https://deno.land/x/grammy_types@v3.28.0/settings.ts": "43879f885b8d76877640810246a5e4a0e495c6d364fd06e99ad1cb8920b4b5cf",
    "https://deno.land/x/grammy_types@v3.28.0/story.ts": "f558c6e6054a43fa1403c2376f7c0b51e2138f4e0d13f0f6e870ffd1cd085ae2",
    "https://deno.land/x/grammy_types@v3.28.0/update.ts": "d03351337e40465708a53c4ccbd56ba6cf1dc889e7312b3eab8bc50cb0edc5b7"
  },
  "workspace": {
    "dependencies": [
      "jsr:@b-fuze/deno-dom@0.1.56",
      "jsr:@luca/esbuild-deno-loader@0.11.1",
      "jsr:@std/assert@1.0.19",
      "jsr:@std/async@^1.4.0",
      "jsr:@std/cli@1.0.30",
      "jsr:@std/collections@1.2.0",
      "jsr:@std/crypto@1.1.0",
      "jsr:@std/dotenv@0.225.7",
      "jsr:@std/encoding@1.0.10",
      "jsr:@std/fmt@1.0.10",
      "jsr:@std/fs@1.0.24",
      "jsr:@std/http@1.1.1",
      "jsr:@std/log@~0.224.14",
      "jsr:@std/media-types@1.1.0",
      "jsr:@std/path@1.1.5",
      "jsr:@std/random@0.1.5",
      "jsr:@std/streams@1.1.1",
      "npm:@hey-api/openapi-ts@~0.98.2",
      "npm:@inquirer/prompts@^8.5.2",
      "npm:@octokit/core@7.0.6",
      "npm:@types/react-dom@^19.2.3",
      "npm:@types/react@^19.2.17",
      "npm:commander@15",
      "npm:iteretijs@0.2.3",
      "npm:react-dom@^19.2.7",
      "npm:react@^19.2.7",
      "npm:telegraf-middleware-console-time@3",
      "npm:typescript@^6.0.3",
      "npm:zod@^4.4.3"
    ]
  }
}
